lockfileVersion: '9.0'

settings:
  autoInstallPeers: true
  excludeLinksFromLockfile: false

importers:

  .:
    dependencies:
      '@kayahr/text-encoding':
        specifier: ^2.1.0
        version: 2.1.0
      '@plist/binary.parse':
        specifier: '*'
        version: 1.1.0
      '@plist/binary.serialize':
        specifier: '*'
        version: 1.1.0
      '@stdlib/utils-noop':
        specifier: ^0.2.3
        version: 0.2.3
      array-uniq:
        specifier: ^3.0.0
        version: 3.0.0
      bplist-creator-pure:
        specifier: ^0.2.1
        version: 0.2.1
      bplist-parser-pure:
        specifier: ^0.0.2
        version: 0.0.2
      brace-expansion:
        specifier: ^5.0.4
        version: 5.0.4
      fast-is-equal:
        specifier: ^1.2.6
        version: 1.2.6
      filter-obj:
        specifier: ^6.1.0
        version: 6.1.0
      js-yaml:
        specifier: ^4.1.1
        version: 4.1.1
      just-filter-object:
        specifier: ^3.2.0
        version: 3.2.0
      just-zip-it:
        specifier: ^3.2.0
        version: 3.2.0
      keycode-ts2:
        specifier: ^0.1.0
        version: 0.1.0
      map-obj:
        specifier: ^6.0.0
        version: 6.0.0
      nullthrows-es:
        specifier: ^1.0.1
        version: 1.0.1
      onetime:
        specifier: ^8.0.0
        version: 8.0.0
      outdent:
        specifier: ^0.8.0
        version: 0.8.0
      type-fest:
        specifier: ^5.5.0
        version: 5.5.0
      untildify:
        specifier: ^6.0.0
        version: 6.0.0
    devDependencies:
      '@types/js-yaml':
        specifier: ^4.0.9
        version: 4.0.9
      '@types/node':
        specifier: ^25.5.0
        version: 25.5.0
      lefthook:
        specifier: ^2.1.4
        version: 2.1.4
      llrt-types:
        specifier: github:awslabs/llrt#path:/types
        version: https://codeload.github.com/awslabs/llrt/tar.gz/d9879ae258016f5d62362bbbe42a698a84355c90#path:/types
      rimraf:
        specifier: ^6.1.3
        version: 6.1.3
      ts2esm:
        specifier: '*'
        version: 2.2.7(@types/node@25.5.0)
      typescript:
        specifier: ^5
        version: 5.9.3

packages:

  '@ewoudenberg/difflib@0.1.0':
    resolution: {integrity: sha512-OU5P5mJyD3OoWYMWY+yIgwvgNS9cFAU10f+DDuvtogcWQOoJIsQ4Hy2McSfUfhKjq8L0FuWVb4Rt7kgA+XK86A==}

  '@inquirer/ansi@1.0.2':
    resolution: {integrity: sha512-S8qNSZiYzFd0wAcyG5AXCvUHC5Sr7xpZ9wZ2py9XR88jUz8wooStVx5M6dRzczbBWjic9NP7+rY0Xi7qqK/aMQ==}
    engines: {node: '>=18'}

  '@inquirer/checkbox@4.3.2':
    resolution: {integrity: sha512-VXukHf0RR1doGe6Sm4F0Em7SWYLTHSsbGfJdS9Ja2bX5/D5uwVOEjr07cncLROdBvmnvCATYEWlHqYmXv2IlQA==}
    engines: {node: '>=18'}
    peerDependencies:
      '@types/node': '>=18'
    peerDependenciesMeta:
      '@types/node':
        optional: true

  '@inquirer/confirm@5.1.21':
    resolution: {integrity: sha512-KR8edRkIsUayMXV+o3Gv+q4jlhENF9nMYUZs9PA2HzrXeHI8M5uDag70U7RJn9yyiMZSbtF5/UexBtAVtZGSbQ==}
    engines: {node: '>=18'}
    peerDependencies:
      '@types/node': '>=18'
    peerDependenciesMeta:
      '@types/node':
        optional: true

  '@inquirer/core@10.3.2':
    resolution: {integrity: sha512-43RTuEbfP8MbKzedNqBrlhhNKVwoK//vUFNW3Q3vZ88BLcrs4kYpGg+B2mm5p2K/HfygoCxuKwJJiv8PbGmE0A==}
    engines: {node: '>=18'}
    peerDependencies:
      '@types/node': '>=18'
    peerDependenciesMeta:
      '@types/node':
        optional: true

  '@inquirer/editor@4.2.23':
    resolution: {integrity: sha512-aLSROkEwirotxZ1pBaP8tugXRFCxW94gwrQLxXfrZsKkfjOYC1aRvAZuhpJOb5cu4IBTJdsCigUlf2iCOu4ZDQ==}
    engines: {node: '>=18'}
    peerDependencies:
      '@types/node': '>=18'
    peerDependenciesMeta:
      '@types/node':
        optional: true

  '@inquirer/expand@4.0.23':
    resolution: {integrity: sha512-nRzdOyFYnpeYTTR2qFwEVmIWypzdAx/sIkCMeTNTcflFOovfqUk+HcFhQQVBftAh9gmGrpFj6QcGEqrDMDOiew==}
    engines: {node: '>=18'}
    peerDependencies:
      '@types/node': '>=18'
    peerDependenciesMeta:
      '@types/node':
        optional: true

  '@inquirer/external-editor@1.0.3':
    resolution: {integrity: sha512-RWbSrDiYmO4LbejWY7ttpxczuwQyZLBUyygsA9Nsv95hpzUWwnNTVQmAq3xuh7vNwCp07UTmE5i11XAEExx4RA==}
    engines: {node: '>=18'}
    peerDependencies:
      '@types/node': '>=18'
    peerDependenciesMeta:
      '@types/node':
        optional: true

  '@inquirer/figures@1.0.15':
    resolution: {integrity: sha512-t2IEY+unGHOzAaVM5Xx6DEWKeXlDDcNPeDyUpsRc6CUhBfU3VQOEl+Vssh7VNp1dR8MdUJBWhuObjXCsVpjN5g==}
    engines: {node: '>=18'}

  '@inquirer/input@4.3.1':
    resolution: {integrity: sha512-kN0pAM4yPrLjJ1XJBjDxyfDduXOuQHrBB8aLDMueuwUGn+vNpF7Gq7TvyVxx8u4SHlFFj4trmj+a2cbpG4Jn1g==}
    engines: {node: '>=18'}
    peerDependencies:
      '@types/node': '>=18'
    peerDependenciesMeta:
      '@types/node':
        optional: true

  '@inquirer/number@3.0.23':
    resolution: {integrity: sha512-5Smv0OK7K0KUzUfYUXDXQc9jrf8OHo4ktlEayFlelCjwMXz0299Y8OrI+lj7i4gCBY15UObk76q0QtxjzFcFcg==}
    engines: {node: '>=18'}
    peerDependencies:
      '@types/node': '>=18'
    peerDependenciesMeta:
      '@types/node':
        optional: true

  '@inquirer/password@4.0.23':
    resolution: {integrity: sha512-zREJHjhT5vJBMZX/IUbyI9zVtVfOLiTO66MrF/3GFZYZ7T4YILW5MSkEYHceSii/KtRk+4i3RE7E1CUXA2jHcA==}
    engines: {node: '>=18'}
    peerDependencies:
      '@types/node': '>=18'
    peerDependenciesMeta:
      '@types/node':
        optional: true

  '@inquirer/prompts@7.10.1':
    resolution: {integrity: sha512-Dx/y9bCQcXLI5ooQ5KyvA4FTgeo2jYj/7plWfV5Ak5wDPKQZgudKez2ixyfz7tKXzcJciTxqLeK7R9HItwiByg==}
    engines: {node: '>=18'}
    peerDependencies:
      '@types/node': '>=18'
    peerDependenciesMeta:
      '@types/node':
        optional: true

  '@inquirer/rawlist@4.1.11':
    resolution: {integrity: sha512-+LLQB8XGr3I5LZN/GuAHo+GpDJegQwuPARLChlMICNdwW7OwV2izlCSCxN6cqpL0sMXmbKbFcItJgdQq5EBXTw==}
    engines: {node: '>=18'}
    peerDependencies:
      '@types/node': '>=18'
    peerDependenciesMeta:
      '@types/node':
        optional: true

  '@inquirer/search@3.2.2':
    resolution: {integrity: sha512-p2bvRfENXCZdWF/U2BXvnSI9h+tuA8iNqtUKb9UWbmLYCRQxd8WkvwWvYn+3NgYaNwdUkHytJMGG4MMLucI1kA==}
    engines: {node: '>=18'}
    peerDependencies:
      '@types/node': '>=18'
    peerDependenciesMeta:
      '@types/node':
        optional: true

  '@inquirer/select@4.4.2':
    resolution: {integrity: sha512-l4xMuJo55MAe+N7Qr4rX90vypFwCajSakx59qe/tMaC1aEHWLyw68wF4o0A4SLAY4E0nd+Vt+EyskeDIqu1M6w==}
    engines: {node: '>=18'}
    peerDependencies:
      '@types/node': '>=18'
    peerDependenciesMeta:
      '@types/node':
        optional: true

  '@inquirer/type@3.0.10':
    resolution: {integrity: sha512-BvziSRxfz5Ov8ch0z/n3oijRSEcEsHnhggm4xFZe93DHcUCTlutlq9Ox4SVENAfcRD22UQq7T/atg9Wr3k09eA==}
    engines: {node: '>=18'}
    peerDependencies:
      '@types/node': '>=18'
    peerDependenciesMeta:
      '@types/node':
        optional: true

  '@kayahr/text-encoding@2.1.0':
    resolution: {integrity: sha512-U/2bmZyKG0TvhIws4+tfA8AWtl0RHOaFENQG8DAe7UyEhIYuhpSgijOh4WDFHLIDO6+WyFRM9nZtKm5Pe6iquw==}

  '@plist/binary.parse@1.1.0':
    resolution: {integrity: sha512-0Bkyt9rCZnlEHQghafWStePBMquIne+9Z9nFTns8OF3ku4QsQ2HMdSSM1MvQfc+6JOU0Q5JlGvAPEUtP9meFsw==}

  '@plist/binary.serialize@1.1.0':
    resolution: {integrity: sha512-+CveX99bM1fqlxIaGyD7YbKLpK411qjAW8FHpCuigUyxLTgo28WOXEBxrYaUZGuMPEv6fsDI5e+E2pLvRfcdtA==}

  '@plist/common@1.1.0':
    resolution: {integrity: sha512-zZAx3dLVsDaW/ulxCbHS3ptVUnO5XEPQ75UPyNJpwPdv9ViWLYXQmbYNmFR8thKpw067RAORuQpBWHvKPffvIg==}

  '@stdlib/utils-noop@0.2.3':
    resolution: {integrity: sha512-kZQWwUwq+RwmKBZZD+6dnRwhjfut5fBgbEappugvVjFGp12wDKXCj6D6Y/xTmBdKFRumO8/gzkj9n6DKNDchpA==}
    engines: {node: '>=0.10.0', npm: '>2.7.0'}
    os: [aix, darwin, freebsd, linux, macos, openbsd, sunos, win32, windows]

  '@ts-morph/common@0.25.0':
    resolution: {integrity: sha512-kMnZz+vGGHi4GoHnLmMhGNjm44kGtKUXGnOvrKmMwAuvNjM/PgKVGfUnL7IDvK7Jb2QQ82jq3Zmp04Gy+r3Dkg==}

  '@types/jju@1.4.5':
    resolution: {integrity: sha512-5Yx4wOq3X+xArOlyZcuAK1Pli4vW0E6nQ6UC8jWdbcY5OlBsoElFTOf4kggYKls/NCHdShAK6UR8NRSQARUNfQ==}

  '@types/js-yaml@4.0.9':
    resolution: {integrity: sha512-k4MGaQl5TGo/iipqb2UDG2UwjXziSWkh0uysQelTlJpX1qGlpUZYm8PnO4DxG1qBomtJUdYJ6qR6xdIah10JLg==}

  '@types/json-diff@1.0.3':
    resolution: {integrity: sha512-Qvxm8fpRMv/1zZR3sQWImeRK2mBYJji20xF51Fq9Gt//Ed18u0x6/FNLogLS1xhfUWTEmDyqveJqn95ltB6Kvw==}

  '@types/node@25.5.0':
    resolution: {integrity: sha512-jp2P3tQMSxWugkCUKLRPVUpGaL5MVFwF8RDuSRztfwgN1wmqJeMSbKlnEtQqU8UrhTmzEmZdu2I6v2dpp7XIxw==}

  ansi-regex@5.0.1:
    resolution: {integrity: sha512-quJQXlTSUGL2LH9SUXo8VwsY4soanhgo6LNSm84E1LBcE8s3O0wpdiRzyR9z/ZZJMlMWv37qOOb9pdJlMUEKFQ==}
    engines: {node: '>=8'}

  ansi-styles@4.3.0:
    resolution: {integrity: sha512-zbB9rCJAT1rbjiVDb2hqKFHNYLxgtk8NURxZ3IZwD3F6NtxbXZQCnnSi1Lkx+IDohdPlFp222wVALIheZJQSEg==}
    engines: {node: '>=8'}

  argparse@2.0.1:
    resolution: {integrity: sha512-8+9WqebbFzpX9OR+Wa6O29asIogeRMzcGtAINdpMHHyAg10f05aSFVBbcEqGf/PXw1EjAZ+q2/bEBg3DvurK3Q==}

  array-uniq@3.0.0:
    resolution: {integrity: sha512-T/3qyw9JTDHjj+aIo4uQyHCAoG1DkFqFViq0e6uPzkXwT74MEPsmQ30rxx8x9+yjBQ3KJ2bXOb2bBKC1FwEjdw==}
    engines: {node: '>=12'}

  balanced-match@1.0.2:
    resolution: {integrity: sha512-3oSeUO0TMV67hN1AmbXsK4yaqU7tjiHlbxRDZOpH0KW9+CeX4bRAaX0Anxt0tx2MrpRpWwQaPwIlISEJhYU5Pw==}

  balanced-match@4.0.4:
    resolution: {integrity: sha512-BLrgEcRTwX2o6gGxGOCNyMvGSp35YofuYzw9h1IMTRmKqttAZZVU67bdb9Pr2vUHA8+j3i2tJfjO6C6+4myGTA==}
    engines: {node: 18 || 20 || >=22}

  bplist-creator-pure@0.2.1:
    resolution: {integrity: sha512-qPiFXC2387TWqnU1kH+D8hdd9S7SALLgvnl8I2dM1CTPxwuKqFREpVrI0IurLUSCX/+STryboYty0VJ71LBElg==}

  bplist-parser-pure@0.0.2:
    resolution: {integrity: sha512-HsP2A3Jd1FJubab4tP/bF0O2UVehZXYyhjTB3N4jUMLep5RbnBF1sxQ8DfzeVpdzO3bxLnd772dz7+to/CMU1Q==}

  brace-expansion@2.0.2:
    resolution: {integrity: sha512-Jt0vHyM+jmUBqojB7E1NIYadt0vI0Qxjxd2TErW94wDz+E2LAm5vKMXXwg6ZZBTHPuUlDgQHKXvjGBdfcF1ZDQ==}

  brace-expansion@5.0.4:
    resolution: {integrity: sha512-h+DEnpVvxmfVefa4jFbCf5HdH5YMDXRsmKflpf1pILZWRFlTbJpxeU55nJl4Smt5HQaGzg1o6RHFPJaOqnmBDg==}
    engines: {node: 18 || 20 || >=22}

  chardet@2.1.1:
    resolution: {integrity: sha512-PsezH1rqdV9VvyNhxxOW32/d75r01NY7TQCmOqomRo15ZSOKbpTFVsfjghxo6JloQUCGnH4k1LGu0R4yCLlWQQ==}

  cli-width@4.1.0:
    resolution: {integrity: sha512-ouuZd4/dm2Sw5Gmqy6bGyNNNe1qt9RpmxveLSO7KcgsTnU7RXfsw+/bukWGo1abgBiMAic068rclZsO4IWmmxQ==}
    engines: {node: '>= 12'}

  code-block-writer@13.0.3:
    resolution: {integrity: sha512-Oofo0pq3IKnsFtuHqSF7TqBfr71aeyZDVJ0HpmqB7FBM2qEigL0iPONSCZSO9pE9dZTAxANe5XHG9Uy0YMv8cg==}

  color-convert@2.0.1:
    resolution: {integrity: sha512-RRECPsj7iu/xb5oKYcsFHSppFNnsj/52OVTRKb4zP5onXwVF3zVmmToNcOfGC+CRDpfK/U584fMg38ZHCaElKQ==}
    engines: {node: '>=7.0.0'}

  color-name@1.1.4:
    resolution: {integrity: sha512-dOy+3AuW3a2wNbZHIuMZpTcgjGuLU/uBL/ubcZF9OXbDo8ff4O8yVp5Bf0efS8uEoYo5q4Fx7dY9OgQGXgAsQA==}

  colors@1.4.0:
    resolution: {integrity: sha512-a+UqTh4kgZg/SlGvfbzDHpgRu7AAQOmmqRHJnxhRZICKFUT91brVhNNt58CMWU9PsBbv3PDCZUHbVxuDiH2mtA==}
    engines: {node: '>=0.1.90'}

  dreamopt@0.8.0:
    resolution: {integrity: sha512-vyJTp8+mC+G+5dfgsY+r3ckxlz+QMX40VjPQsZc5gxVAxLmi64TBoVkP54A/pRAXMXsbu2GMMBrZPxNv23waMg==}
    engines: {node: '>=0.4.0'}

  emoji-regex@8.0.0:
    resolution: {integrity: sha512-MSjYzcWNOA0ewAHpz0MxpYFvwg6yjy1NG3xteoqz644VCo/RPgnr1/GGt+ic3iJTzQ8Eu3TdM14SawnVUmGE6A==}

  fast-is-equal@1.2.6:
    resolution: {integrity: sha512-DUrwmvQx+fsMbe+Q3BSn+T2sjzDqGPks1aV7zf3Jx6ceNCKDu/hYVA4Q35z/WS4GbD+TImzsPBcTFZYnYWST5g==}

  fdir@6.5.0:
    resolution: {integrity: sha512-tIbYtZbucOs0BRGqPJkshJUYdL+SDH7dVM8gjy+ERp3WAUjLEFJE+02kanyHtwjWOnwrKYBiwAmM0p4kLJAnXg==}
    engines: {node: '>=12.0.0'}
    peerDependencies:
      picomatch: ^3 || ^4
    peerDependenciesMeta:
      picomatch:
        optional: true

  filter-obj@6.1.0:
    resolution: {integrity: sha512-xdMtCAODmPloU9qtmPcdBV9Kd27NtMse+4ayThxqIHUES5Z2S6bGpap5PpdmNM56ub7y3i1eyr+vJJIIgWGKmA==}
    engines: {node: '>=18'}

  glob@13.0.6:
    resolution: {integrity: sha512-Wjlyrolmm8uDpm/ogGyXZXb1Z+Ca2B8NbJwqBVg0axK9GbBeoS7yGV6vjXnYdGm6X53iehEuxxbyiKp8QmN4Vw==}
    engines: {node: 18 || 20 || >=22}

  heap@0.2.7:
    resolution: {integrity: sha512-2bsegYkkHO+h/9MGbn6KWcE45cHZgPANo5LXF7EvWdT0yT2EguSVO1nDgU5c8+ZOPwp2vMNa7YFsJhVcDR9Sdg==}

  iconv-lite@0.7.2:
    resolution: {integrity: sha512-im9DjEDQ55s9fL4EYzOAv0yMqmMBSZp6G0VvFyTMPKWxiSBHUj9NW/qqLmXUwXrrM7AvqSlTCfvqRb0cM8yYqw==}
    engines: {node: '>=0.10.0'}

  is-fullwidth-code-point@3.0.0:
    resolution: {integrity: sha512-zymm5+u+sCsSWyD9qNaejV3DFvhCKclKdizYaJUuHA83RLjb7nSuGnddCHGv0hk+KY7BMAlsWeK4Ueg6EV6XQg==}
    engines: {node: '>=8'}

  jju@1.4.0:
    resolution: {integrity: sha512-8wb9Yw966OSxApiCt0K3yNJL8pnNeIv+OEq2YMidz4FKP6nonSRoOXc80iXY4JaN2FC11B9qsNmDsm+ZOfMROA==}

  js-yaml@4.1.1:
    resolution: {integrity: sha512-qQKT4zQxXl8lLwBtHMWwaTcGfFOZviOJet3Oy/xmGk2gZH677CJM9EvtfdSkgWcATZhj/55JZ0rmy3myCT5lsA==}
    hasBin: true

  json-diff@1.0.6:
    resolution: {integrity: sha512-tcFIPRdlc35YkYdGxcamJjllUhXWv4n2rK9oJ2RsAzV4FBkuV4ojKEDgcZ+kpKxDmJKv+PFK65+1tVVOnSeEqA==}
    hasBin: true

  jsonpatch@3.1.0:
    resolution: {integrity: sha512-rJa0FepwDzebgYAuT389AtziWfn3EZA4N5e/B8d50IC1glqlZ7njo7iAI/ph5MYw2GGH7lCE6DGqBGQ7TVa06w==}
    engines: {node: '>=0.4.0'}

  just-filter-object@3.2.0:
    resolution: {integrity: sha512-OeorYJxmp2zhy/0LxjS1UjbJ7XMY8M4gVa1RRKxnIVheCYmng2E2hE0lEbDGv4aRh/HI7FgNUXtOMnmNxpoXRQ==}

  just-zip-it@3.2.0:
    resolution: {integrity: sha512-ZJxc8mLz8XkaoOegJ237Xuo3ZQB5zUN/8BTXqalBJbh/uj+ahfJbOJKadJPmXDBbxHzh+MQYH43VxV5TlQvlfw==}

  keycode-ts2@0.1.0:
    resolution: {integrity: sha512-GVpkNchsaKxraSqYNReQJaAp3RdlrKc/Nw/fhMl+DKisTehAiCCYjxlTlohjdPNkb4kvmAjSQEpIVoHgpwVyXg==}

  lefthook-darwin-arm64@2.1.4:
    resolution: {integrity: sha512-BUAAE9+rUrjr39a+wH/1zHmGrDdwUQ2Yq/z6BQbM/yUb9qtXBRcQ5eOXxApqWW177VhGBpX31aqIlfAZ5Q7wzw==}
    cpu: [arm64]
    os: [darwin]

  lefthook-darwin-x64@2.1.4:
    resolution: {integrity: sha512-K1ncIMEe84fe+ss1hQNO7rIvqiKy2TJvTFpkypvqFodT7mJXZn7GLKYTIXdIuyPAYthRa9DwFnx5uMoHwD2F1Q==}
    cpu: [x64]
    os: [darwin]

  lefthook-freebsd-arm64@2.1.4:
    resolution: {integrity: sha512-PVUhjOhVN71YaYsVdQyNbFZ4a2jFB2Tg5hKrrn9kaWpx64aLz/XivLjwr8sEuTaP1GRlEWBpW6Bhrcsyo39qFw==}
    cpu: [arm64]
    os: [freebsd]

  lefthook-freebsd-x64@2.1.4:
    resolution: {integrity: sha512-ZWV9o/LeyWNEBoVO+BhLqxH3rGTba05nkm5NvMjEFSj7LbUNUDbQmupZwtHl1OMGJO66eZP0CalzRfUH6GhBxQ==}
    cpu: [x64]
    os: [freebsd]

  lefthook-linux-arm64@2.1.4:
    resolution: {integrity: sha512-iWN0pGnTjrIvNIcSI1vQBJXUbybTqJ5CLMniPA0olabMXQfPDrdMKVQe+mgdwHK+E3/Y0H0ZNL3lnOj6Sk6szA==}
    cpu: [arm64]
    os: [linux]

  lefthook-linux-x64@2.1.4:
    resolution: {integrity: sha512-96bTBE/JdYgqWYAJDh+/e/0MaxJ25XTOAk7iy/fKoZ1ugf6S0W9bEFbnCFNooXOcxNVTan5xWKfcjJmPIKtsJA==}
    cpu: [x64]
    os: [linux]

  lefthook-openbsd-arm64@2.1.4:
    resolution: {integrity: sha512-oYUoK6AIJNEr9lUSpIMj6g7sWzotvtc3ryw7yoOyQM6uqmEduw73URV/qGoUcm4nqqmR93ZalZwR2r3Gd61zvw==}
    cpu: [arm64]
    os: [openbsd]

  lefthook-openbsd-x64@2.1.4:
    resolution: {integrity: sha512-i/Dv9Jcm68y9cggr1PhyUhOabBGP9+hzQPoiyOhKks7y9qrJl79A8XfG6LHekSuYc2VpiSu5wdnnrE1cj2nfTg==}
    cpu: [x64]
    os: [openbsd]

  lefthook-windows-arm64@2.1.4:
    resolution: {integrity: sha512-hSww7z+QX4YMnw2lK7DMrs3+w7NtxksuMKOkCKGyxUAC/0m1LAICo0ZbtdDtZ7agxRQQQ/SEbzFRhU5ysNcbjA==}
    cpu: [arm64]
    os: [win32]

  lefthook-windows-x64@2.1.4:
    resolution: {integrity: sha512-eE68LwnogxwcPgGsbVGPGxmghyMGmU9SdGwcc+uhGnUxPz1jL89oECMWJNc36zjVK24umNeDAzB5KA3lw1MuWw==}
    cpu: [x64]
    os: [win32]

  lefthook@2.1.4:
    resolution: {integrity: sha512-JNfJ5gAn0KADvJ1I6/xMcx70+/6TL6U9gqGkKvPw5RNMfatC7jIg0Evl97HN846xmfz959BV70l8r3QsBJk30w==}
    hasBin: true

  llrt-types@https://codeload.github.com/awslabs/llrt/tar.gz/d9879ae258016f5d62362bbbe42a698a84355c90#path:/types:
    resolution: {path: /types, tarball: https://codeload.github.com/awslabs/llrt/tar.gz/d9879ae258016f5d62362bbbe42a698a84355c90}
    version: 0.0.1

  lru-cache@11.2.7:
    resolution: {integrity: sha512-aY/R+aEsRelme17KGQa/1ZSIpLpNYYrhcrepKTZgE+W3WM16YMCaPwOHLHsmopZHELU0Ojin1lPVxKR0MihncA==}
    engines: {node: 20 || >=22}

  map-obj@6.0.0:
    resolution: {integrity: sha512-PwDvwt/tK70+luLw5k9ySLtzLAzwf7tZTY9GBj63Y010nHRPjwHcQTpTd5JwQqITC2ty7prtxBo71iwyYY0TAg==}
    engines: {node: '>=20'}

  mimic-function@5.0.1:
    resolution: {integrity: sha512-VP79XUPxV2CigYP3jWwAUFSku2aKqBH7uTAapFWCBqutsbmDo96KY5o8uh6U+/YSIn5OxJnXp73beVkpqMIGhA==}
    engines: {node: '>=18'}

  minimatch@10.2.4:
    resolution: {integrity: sha512-oRjTw/97aTBN0RHbYCdtF1MQfvusSIBQM0IZEgzl6426+8jSC0nF1a/GmnVLpfB9yyr6g6FTqWqiZVbxrtaCIg==}
    engines: {node: 18 || 20 || >=22}

  minimatch@9.0.9:
    resolution: {integrity: sha512-OBwBN9AL4dqmETlpS2zasx+vTeWclWzkblfZk7KTA5j3jeOONz/tRCnZomUyvNg83wL5Zv9Ss6HMJXAgL8R2Yg==}
    engines: {node: '>=16 || 14 >=14.17'}

  minipass@7.1.3:
    resolution: {integrity: sha512-tEBHqDnIoM/1rXME1zgka9g6Q2lcoCkxHLuc7ODJ5BxbP5d4c2Z5cGgtXAku59200Cx7diuHTOYfSBD8n6mm8A==}
    engines: {node: '>=16 || 14 >=14.17'}

  mute-stream@2.0.0:
    resolution: {integrity: sha512-WWdIxpyjEn+FhQJQQv9aQAYlHoNVdzIzUySNV1gHUPDSdZJ3yZn7pAAbQcV7B56Mvu881q9FZV+0Vx2xC44VWA==}
    engines: {node: ^18.17.0 || >=20.5.0}

  nullthrows-es@1.0.1:
    resolution: {integrity: sha512-x2XtZ5seoayCy0cl4Y91rhRSRwWIlMRiCLTAnWwaDWN+MaHkyObPOzv1s6qg2UR40YAqFicpmwa7k0R8CFehiw==}
    engines: {node: '>=16'}

  onetime@8.0.0:
    resolution: {integrity: sha512-ODz2CnF+9043eG3exS38Efor4ekggmKvIydHaXWr1n9mXA5Afn8BdSsvVpa5AhBWricxhdBMfyeG3Yo3SB+VWA==}
    engines: {node: '>=22'}

  outdent@0.8.0:
    resolution: {integrity: sha512-KiOAIsdpUTcAXuykya5fnVVT+/5uS0Q1mrkRHcF89tpieSmY33O/tmc54CqwA+bfhbtEfZUNLHaPUiB9X3jt1A==}

  package-json-from-dist@1.0.1:
    resolution: {integrity: sha512-UEZIS3/by4OC8vL3P2dTXRETpebLI2NiI5vIrjaD/5UtrkFX/tNbwjTSRAGC/+7CAo2pIcBaRgWmcBBHcsaCIw==}

  path-browserify@1.0.1:
    resolution: {integrity: sha512-b7uo2UCUOYZcnF/3ID0lulOJi/bafxa1xPe7ZPsammBSpjSWQkjNxlt635YGS2MiR9GjvuXCtz2emr3jbsz98g==}

  path-scurry@2.0.2:
    resolution: {integrity: sha512-3O/iVVsJAPsOnpwWIeD+d6z/7PmqApyQePUtCndjatj/9I5LylHvt5qluFaBT3I5h3r1ejfR056c+FCv+NnNXg==}
    engines: {node: 18 || 20 || >=22}

  picomatch@4.0.3:
    resolution: {integrity: sha512-5gTmgEY/sqK6gFXLIsQNH19lWb4ebPDLA4SdLP7dsWkIXHWlG66oPuVvXSGFPppYZz8ZDZq0dYYrbHfBCVUb1Q==}
    engines: {node: '>=12'}

  rimraf@6.1.3:
    resolution: {integrity: sha512-LKg+Cr2ZF61fkcaK1UdkH2yEBBKnYjTyWzTJT6KNPcSPaiT7HSdhtMXQuN5wkTX0Xu72KQ1l8S42rlmexS2hSA==}
    engines: {node: 20 || >=22}
    hasBin: true

  safer-buffer@2.1.2:
    resolution: {integrity: sha512-YZo3K82SD7Riyi0E1EQPojLz7kpepnSQI9IyPbHHg1XXXevb5dJI7tpyN2ADxGcQbHG7vcyRHk0cbwqcQriUtg==}

  signal-exit@4.1.0:
    resolution: {integrity: sha512-bzyZ1e88w9O1iNJbKnOlvYTrWPDl46O1bG0D3XInv+9tkPrxrN8jUUTiFlDkkmKWgn1M6CfIA13SuGqOa9Korw==}
    engines: {node: '>=14'}

  string-width@4.2.3:
    resolution: {integrity: sha512-wKyQRQpjJ0sIp62ErSZdGsjMJWsap5oRNihHhu6G7JVO/9jIB6UyevL+tXuOqrng8j/cxKTWyWUwvSTriiZz/g==}
    engines: {node: '>=8'}

  strip-ansi@6.0.1:
    resolution: {integrity: sha512-Y38VPSHcqkFrCpFnQ9vuSXmquuv5oXOKpGeT6aGrr3o3Gc9AlVa6JBfUSOCnbxGGZF+/0ooI7KrPuUSztUdU5A==}
    engines: {node: '>=8'}

  tagged-tag@1.0.0:
    resolution: {integrity: sha512-yEFYrVhod+hdNyx7g5Bnkkb0G6si8HJurOoOEgC8B/O0uXLHlaey/65KRv6cuWBNhBgHKAROVpc7QyYqE5gFng==}
    engines: {node: '>=20'}

  tinyglobby@0.2.15:
    resolution: {integrity: sha512-j2Zq4NyQYG5XMST4cbs02Ak8iJUdxRM0XI5QyxXuZOzKOINmWurp3smXu3y5wDcJrptwpSjgXHzIQxR0omXljQ==}
    engines: {node: '>=12.0.0'}

  ts-morph@24.0.0:
    resolution: {integrity: sha512-2OAOg/Ob5yx9Et7ZX4CvTCc0UFoZHwLEJ+dpDPSUi5TgwwlTlX47w+iFRrEwzUZwYACjq83cgjS/Da50Ga37uw==}

  ts2esm@2.2.7:
    resolution: {integrity: sha512-ilt0MhFzwvwnVSEibat5BS6cdCT3JzPkZ4A8jaQBt+IgIRc/zh+Fkv0aSmwdc2Z/SMSsk8elAUrWGWOwYoKCfQ==}
    engines: {node: '>= 10.9'}
    hasBin: true

  type-fest@5.5.0:
    resolution: {integrity: sha512-PlBfpQwiUvGViBNX84Yxwjsdhd1TUlXr6zjX7eoirtCPIr08NAmxwa+fcYBTeRQxHo9YC9wwF3m9i700sHma8g==}
    engines: {node: '>=20'}

  typescript@5.5.3:
    resolution: {integrity: sha512-/hreyEujaB0w76zKo6717l3L0o/qEUtRgdvUBvlkhoWeOVMjMuHNHk0BRBzikzuGDqNmPQbg5ifMEqsHLiIUcQ==}
    engines: {node: '>=14.17'}
    hasBin: true

  typescript@5.9.3:
    resolution: {integrity: sha512-jl1vZzPDinLr9eUt3J/t7V6FgNEw9QjvBPdysz9KfQDD41fQrC2Y4vKQdiaUpFT4bXlb1RHhLpp8wtm6M5TgSw==}
    engines: {node: '>=14.17'}
    hasBin: true

  undici-types@7.18.2:
    resolution: {integrity: sha512-AsuCzffGHJybSaRrmr5eHr81mwJU3kjw6M+uprWvCXiNeN9SOGwQ3Jn8jb8m3Z6izVgknn1R0FTCEAP2QrLY/w==}

  untildify@6.0.0:
    resolution: {integrity: sha512-sA2YTBvW2F463GvSbiZtso+dpuQV+B7xX9saX30SGrR5Fyx4AUcvA/zN+ShAkABKUKVyDaHECsJrHv5ToTuHsQ==}
    engines: {node: '>=20'}

  wordwrap@1.0.0:
    resolution: {integrity: sha512-gvVzJFlPycKc5dZN4yPkP8w7Dc37BtP1yczEneOb4uq34pXZcvrtRTmWV8W+Ume+XCxKgbjM+nevkyFPMybd4Q==}

  wrap-ansi@6.2.0:
    resolution: {integrity: sha512-r6lPcBGxZXlIcymEu7InxDMhdW0KDxpLgoFLcguasxCaJ/SOIZwINatK9KY/tf+ZrlywOKU0UDj3ATXUBfxJXA==}
    engines: {node: '>=8'}

  yoctocolors-cjs@2.1.3:
    resolution: {integrity: sha512-U/PBtDf35ff0D8X8D0jfdzHYEPFxAI7jJlxZXwCSez5M3190m+QobIfh+sWDWSHMCWWJN2AWamkegn6vr6YBTw==}
    engines: {node: '>=18'}

snapshots:

  '@ewoudenberg/difflib@0.1.0':
    dependencies:
      heap: 0.2.7

  '@inquirer/ansi@1.0.2': {}

  '@inquirer/checkbox@4.3.2(@types/node@25.5.0)':
    dependencies:
      '@inquirer/ansi': 1.0.2
      '@inquirer/core': 10.3.2(@types/node@25.5.0)
      '@inquirer/figures': 1.0.15
      '@inquirer/type': 3.0.10(@types/node@25.5.0)
      yoctocolors-cjs: 2.1.3
    optionalDependencies:
      '@types/node': 25.5.0

  '@inquirer/confirm@5.1.21(@types/node@25.5.0)':
    dependencies:
      '@inquirer/core': 10.3.2(@types/node@25.5.0)
      '@inquirer/type': 3.0.10(@types/node@25.5.0)
    optionalDependencies:
      '@types/node': 25.5.0

  '@inquirer/core@10.3.2(@types/node@25.5.0)':
    dependencies:
      '@inquirer/ansi': 1.0.2
      '@inquirer/figures': 1.0.15
      '@inquirer/type': 3.0.10(@types/node@25.5.0)
      cli-width: 4.1.0
      mute-stream: 2.0.0
      signal-exit: 4.1.0
      wrap-ansi: 6.2.0
      yoctocolors-cjs: 2.1.3
    optionalDependencies:
      '@types/node': 25.5.0

  '@inquirer/editor@4.2.23(@types/node@25.5.0)':
    dependencies:
      '@inquirer/core': 10.3.2(@types/node@25.5.0)
      '@inquirer/external-editor': 1.0.3(@types/node@25.5.0)
      '@inquirer/type': 3.0.10(@types/node@25.5.0)
    optionalDependencies:
      '@types/node': 25.5.0

  '@inquirer/expand@4.0.23(@types/node@25.5.0)':
    dependencies:
      '@inquirer/core': 10.3.2(@types/node@25.5.0)
      '@inquirer/type': 3.0.10(@types/node@25.5.0)
      yoctocolors-cjs: 2.1.3
    optionalDependencies:
      '@types/node': 25.5.0

  '@inquirer/external-editor@1.0.3(@types/node@25.5.0)':
    dependencies:
      chardet: 2.1.1
      iconv-lite: 0.7.2
    optionalDependencies:
      '@types/node': 25.5.0

  '@inquirer/figures@1.0.15': {}

  '@inquirer/input@4.3.1(@types/node@25.5.0)':
    dependencies:
      '@inquirer/core': 10.3.2(@types/node@25.5.0)
      '@inquirer/type': 3.0.10(@types/node@25.5.0)
    optionalDependencies:
      '@types/node': 25.5.0

  '@inquirer/number@3.0.23(@types/node@25.5.0)':
    dependencies:
      '@inquirer/core': 10.3.2(@types/node@25.5.0)
      '@inquirer/type': 3.0.10(@types/node@25.5.0)
    optionalDependencies:
      '@types/node': 25.5.0

  '@inquirer/password@4.0.23(@types/node@25.5.0)':
    dependencies:
      '@inquirer/ansi': 1.0.2
      '@inquirer/core': 10.3.2(@types/node@25.5.0)
      '@inquirer/type': 3.0.10(@types/node@25.5.0)
    optionalDependencies:
      '@types/node': 25.5.0

  '@inquirer/prompts@7.10.1(@types/node@25.5.0)':
    dependencies:
      '@inquirer/checkbox': 4.3.2(@types/node@25.5.0)
      '@inquirer/confirm': 5.1.21(@types/node@25.5.0)
      '@inquirer/editor': 4.2.23(@types/node@25.5.0)
      '@inquirer/expand': 4.0.23(@types/node@25.5.0)
      '@inquirer/input': 4.3.1(@types/node@25.5.0)
      '@inquirer/number': 3.0.23(@types/node@25.5.0)
      '@inquirer/password': 4.0.23(@types/node@25.5.0)
      '@inquirer/rawlist': 4.1.11(@types/node@25.5.0)
      '@inquirer/search': 3.2.2(@types/node@25.5.0)
      '@inquirer/select': 4.4.2(@types/node@25.5.0)
    optionalDependencies:
      '@types/node': 25.5.0

  '@inquirer/rawlist@4.1.11(@types/node@25.5.0)':
    dependencies:
      '@inquirer/core': 10.3.2(@types/node@25.5.0)
      '@inquirer/type': 3.0.10(@types/node@25.5.0)
      yoctocolors-cjs: 2.1.3
    optionalDependencies:
      '@types/node': 25.5.0

  '@inquirer/search@3.2.2(@types/node@25.5.0)':
    dependencies:
      '@inquirer/core': 10.3.2(@types/node@25.5.0)
      '@inquirer/figures': 1.0.15
      '@inquirer/type': 3.0.10(@types/node@25.5.0)
      yoctocolors-cjs: 2.1.3
    optionalDependencies:
      '@types/node': 25.5.0

  '@inquirer/select@4.4.2(@types/node@25.5.0)':
    dependencies:
      '@inquirer/ansi': 1.0.2
      '@inquirer/core': 10.3.2(@types/node@25.5.0)
      '@inquirer/figures': 1.0.15
      '@inquirer/type': 3.0.10(@types/node@25.5.0)
      yoctocolors-cjs: 2.1.3
    optionalDependencies:
      '@types/node': 25.5.0

  '@inquirer/type@3.0.10(@types/node@25.5.0)':
    optionalDependencies:
      '@types/node': 25.5.0

  '@kayahr/text-encoding@2.1.0': {}

  '@plist/binary.parse@1.1.0':
    dependencies:
      '@plist/common': 1.1.0

  '@plist/binary.serialize@1.1.0':
    dependencies:
      '@plist/common': 1.1.0

  '@plist/common@1.1.0': {}

  '@stdlib/utils-noop@0.2.3': {}

  '@ts-morph/common@0.25.0':
    dependencies:
      minimatch: 9.0.9
      path-browserify: 1.0.1
      tinyglobby: 0.2.15

  '@types/jju@1.4.5': {}

  '@types/js-yaml@4.0.9': {}

  '@types/json-diff@1.0.3': {}

  '@types/node@25.5.0':
    dependencies:
      undici-types: 7.18.2

  ansi-regex@5.0.1: {}

  ansi-styles@4.3.0:
    dependencies:
      color-convert: 2.0.1

  argparse@2.0.1: {}

  array-uniq@3.0.0: {}

  balanced-match@1.0.2: {}

  balanced-match@4.0.4: {}

  bplist-creator-pure@0.2.1: {}

  bplist-parser-pure@0.0.2: {}

  brace-expansion@2.0.2:
    dependencies:
      balanced-match: 1.0.2

  brace-expansion@5.0.4:
    dependencies:
      balanced-match: 4.0.4

  chardet@2.1.1: {}

  cli-width@4.1.0: {}

  code-block-writer@13.0.3: {}

  color-convert@2.0.1:
    dependencies:
      color-name: 1.1.4

  color-name@1.1.4: {}

  colors@1.4.0: {}

  dreamopt@0.8.0:
    dependencies:
      wordwrap: 1.0.0

  emoji-regex@8.0.0: {}

  fast-is-equal@1.2.6: {}

  fdir@6.5.0(picomatch@4.0.3):
    optionalDependencies:
      picomatch: 4.0.3

  filter-obj@6.1.0: {}

  glob@13.0.6:
    dependencies:
      minimatch: 10.2.4
      minipass: 7.1.3
      path-scurry: 2.0.2

  heap@0.2.7: {}

  iconv-lite@0.7.2:
    dependencies:
      safer-buffer: 2.1.2

  is-fullwidth-code-point@3.0.0: {}

  jju@1.4.0: {}

  js-yaml@4.1.1:
    dependencies:
      argparse: 2.0.1

  json-diff@1.0.6:
    dependencies:
      '@ewoudenberg/difflib': 0.1.0
      colors: 1.4.0
      dreamopt: 0.8.0

  jsonpatch@3.1.0: {}

  just-filter-object@3.2.0: {}

  just-zip-it@3.2.0: {}

  keycode-ts2@0.1.0: {}

  lefthook-darwin-arm64@2.1.4:
    optional: true

  lefthook-darwin-x64@2.1.4:
    optional: true

  lefthook-freebsd-arm64@2.1.4:
    optional: true

  lefthook-freebsd-x64@2.1.4:
    optional: true

  lefthook-linux-arm64@2.1.4:
    optional: true

  lefthook-linux-x64@2.1.4:
    optional: true

  lefthook-openbsd-arm64@2.1.4:
    optional: true

  lefthook-openbsd-x64@2.1.4:
    optional: true

  lefthook-windows-arm64@2.1.4:
    optional: true

  lefthook-windows-x64@2.1.4:
    optional: true

  lefthook@2.1.4:
    optionalDependencies:
      lefthook-darwin-arm64: 2.1.4
      lefthook-darwin-x64: 2.1.4
      lefthook-freebsd-arm64: 2.1.4
      lefthook-freebsd-x64: 2.1.4
      lefthook-linux-arm64: 2.1.4
      lefthook-linux-x64: 2.1.4
      lefthook-openbsd-arm64: 2.1.4
      lefthook-openbsd-x64: 2.1.4
      lefthook-windows-arm64: 2.1.4
      lefthook-windows-x64: 2.1.4

  llrt-types@https://codeload.github.com/awslabs/llrt/tar.gz/d9879ae258016f5d62362bbbe42a698a84355c90#path:/types: {}

  lru-cache@11.2.7: {}

  map-obj@6.0.0: {}

  mimic-function@5.0.1: {}

  minimatch@10.2.4:
    dependencies:
      brace-expansion: 5.0.4

  minimatch@9.0.9:
    dependencies:
      brace-expansion: 2.0.2

  minipass@7.1.3: {}

  mute-stream@2.0.0: {}

  nullthrows-es@1.0.1: {}

  onetime@8.0.0:
    dependencies:
      mimic-function: 5.0.1

  outdent@0.8.0: {}

  package-json-from-dist@1.0.1: {}

  path-browserify@1.0.1: {}

  path-scurry@2.0.2:
    dependencies:
      lru-cache: 11.2.7
      minipass: 7.1.3

  picomatch@4.0.3: {}

  rimraf@6.1.3:
    dependencies:
      glob: 13.0.6
      package-json-from-dist: 1.0.1

  safer-buffer@2.1.2: {}

  signal-exit@4.1.0: {}

  string-width@4.2.3:
    dependencies:
      emoji-regex: 8.0.0
      is-fullwidth-code-point: 3.0.0
      strip-ansi: 6.0.1

  strip-ansi@6.0.1:
    dependencies:
      ansi-regex: 5.0.1

  tagged-tag@1.0.0: {}

  tinyglobby@0.2.15:
    dependencies:
      fdir: 6.5.0(picomatch@4.0.3)
      picomatch: 4.0.3

  ts-morph@24.0.0:
    dependencies:
      '@ts-morph/common': 0.25.0
      code-block-writer: 13.0.3

  ts2esm@2.2.7(@types/node@25.5.0):
    dependencies:
      '@inquirer/prompts': 7.10.1(@types/node@25.5.0)
      '@types/jju': 1.4.5
      '@types/json-diff': 1.0.3
      jju: 1.4.0
      json-diff: 1.0.6
      jsonpatch: 3.1.0
      ts-morph: 24.0.0
      typescript: 5.5.3
    transitivePeerDependencies:
      - '@types/node'

  type-fest@5.5.0:
    dependencies:
      tagged-tag: 1.0.0

  typescript@5.5.3: {}

  typescript@5.9.3: {}

  undici-types@7.18.2: {}

  untildify@6.0.0: {}

  wordwrap@1.0.0: {}

  wrap-ansi@6.2.0:
    dependencies:
      ansi-styles: 4.3.0
      string-width: 4.2.3
      strip-ansi: 6.0.1

  yoctocolors-cjs@2.1.3: {}
