lockfileVersion: '9.0'

settings:
  autoInstallPeers: true
  excludeLinksFromLockfile: false

importers:

  .:
    dependencies:
      '@ban12/bplist-parser':
        specifier: ^0.0.1
        version: 0.0.1
      '@types/js-yaml':
        specifier: ^4.0.9
        version: 4.0.9
      bplist-parser-pure:
        specifier: ^0.0.1
        version: 0.0.1
      js-yaml:
        specifier: ^4.1.1
        version: 4.1.1
      just-zip-it:
        specifier: ^3.2.0
        version: 3.2.0
      keycode:
        specifier: ^2.2.1
        version: 2.2.1
      onetime:
        specifier: ^8.0.0
        version: 8.0.0
      os-keycode:
        specifier: ^1.0.0
        version: 1.0.0
      untildify:
        specifier: ^6.0.0
        version: 6.0.0
    devDependencies:
      '@types/node':
        specifier: ^25.5.0
        version: 25.5.0
      add:
        specifier: ^2.0.6
        version: 2.0.6
      array-uniq:
        specifier: ^3.0.0
        version: 3.0.0
      brace-expansion:
        specifier: ^5.0.4
        version: 5.0.4
      lefthook:
        specifier: ^2.1.4
        version: 2.1.4
      llrt-types:
        specifier: github:awslabs/llrt#path:/types
        version: https://codeload.github.com/awslabs/llrt/tar.gz/d9879ae258016f5d62362bbbe42a698a84355c90#path:/types
      outdent:
        specifier: ^0.8.0
        version: 0.8.0
      rimraf:
        specifier: ^6.1.3
        version: 6.1.3
      typescript:
        specifier: ^5
        version: 5.9.3

packages:

  '@ban12/bplist-parser@0.0.1':
    resolution: {integrity: sha512-SvzG2KEF9nYB3dnWJbOYcIGYDcTTBBQax6WoRtU+hq+SaULCqkM9vlMnCX7mp1kL1c1hr1+GSnJPx8FhJ+VWYg==}

  '@types/js-yaml@4.0.9':
    resolution: {integrity: sha512-k4MGaQl5TGo/iipqb2UDG2UwjXziSWkh0uysQelTlJpX1qGlpUZYm8PnO4DxG1qBomtJUdYJ6qR6xdIah10JLg==}

  '@types/node@25.5.0':
    resolution: {integrity: sha512-jp2P3tQMSxWugkCUKLRPVUpGaL5MVFwF8RDuSRztfwgN1wmqJeMSbKlnEtQqU8UrhTmzEmZdu2I6v2dpp7XIxw==}

  add@2.0.6:
    resolution: {integrity: sha512-j5QzrmsokwWWp6kUcJQySpbG+xfOBqqKnup3OIk1pz+kB/80SLorZ9V8zHFLO92Lcd+hbvq8bT+zOGoPkmBV0Q==}

  argparse@2.0.1:
    resolution: {integrity: sha512-8+9WqebbFzpX9OR+Wa6O29asIogeRMzcGtAINdpMHHyAg10f05aSFVBbcEqGf/PXw1EjAZ+q2/bEBg3DvurK3Q==}

  array-uniq@3.0.0:
    resolution: {integrity: sha512-T/3qyw9JTDHjj+aIo4uQyHCAoG1DkFqFViq0e6uPzkXwT74MEPsmQ30rxx8x9+yjBQ3KJ2bXOb2bBKC1FwEjdw==}
    engines: {node: '>=12'}

  balanced-match@4.0.4:
    resolution: {integrity: sha512-BLrgEcRTwX2o6gGxGOCNyMvGSp35YofuYzw9h1IMTRmKqttAZZVU67bdb9Pr2vUHA8+j3i2tJfjO6C6+4myGTA==}
    engines: {node: 18 || 20 || >=22}

  bplist-parser-pure@0.0.1:
    resolution: {integrity: sha512-Mw1dqhw9c0w4SzA8AlgwfBiaf7mXSCaluNNMHBikqvF+HGM/iN1lDZpVSyRckjdEthJ2VkrrTNTlifR75HGUFQ==}

  brace-expansion@5.0.4:
    resolution: {integrity: sha512-h+DEnpVvxmfVefa4jFbCf5HdH5YMDXRsmKflpf1pILZWRFlTbJpxeU55nJl4Smt5HQaGzg1o6RHFPJaOqnmBDg==}
    engines: {node: 18 || 20 || >=22}

  glob@13.0.6:
    resolution: {integrity: sha512-Wjlyrolmm8uDpm/ogGyXZXb1Z+Ca2B8NbJwqBVg0axK9GbBeoS7yGV6vjXnYdGm6X53iehEuxxbyiKp8QmN4Vw==}
    engines: {node: 18 || 20 || >=22}

  js-yaml@4.1.1:
    resolution: {integrity: sha512-qQKT4zQxXl8lLwBtHMWwaTcGfFOZviOJet3Oy/xmGk2gZH677CJM9EvtfdSkgWcATZhj/55JZ0rmy3myCT5lsA==}
    hasBin: true

  just-zip-it@3.2.0:
    resolution: {integrity: sha512-ZJxc8mLz8XkaoOegJ237Xuo3ZQB5zUN/8BTXqalBJbh/uj+ahfJbOJKadJPmXDBbxHzh+MQYH43VxV5TlQvlfw==}

  keycode@2.2.1:
    resolution: {integrity: sha512-Rdgz9Hl9Iv4QKi8b0OlCRQEzp4AgVxyCtz5S/+VIHezDmrDhkp2N2TqBWOLz0/gbeREXOOiI9/4b8BY9uw2vFg==}

  lefthook-darwin-arm64@2.1.4:
    resolution: {integrity: sha512-BUAAE9+rUrjr39a+wH/1zHmGrDdwUQ2Yq/z6BQbM/yUb9qtXBRcQ5eOXxApqWW177VhGBpX31aqIlfAZ5Q7wzw==}
    cpu: [arm64]
    os: [darwin]

  lefthook-darwin-x64@2.1.4:
    resolution: {integrity: sha512-K1ncIMEe84fe+ss1hQNO7rIvqiKy2TJvTFpkypvqFodT7mJXZn7GLKYTIXdIuyPAYthRa9DwFnx5uMoHwD2F1Q==}
    cpu: [x64]
    os: [darwin]

  lefthook-freebsd-arm64@2.1.4:
    resolution: {integrity: sha512-PVUhjOhVN71YaYsVdQyNbFZ4a2jFB2Tg5hKrrn9kaWpx64aLz/XivLjwr8sEuTaP1GRlEWBpW6Bhrcsyo39qFw==}
    cpu: [arm64]
    os: [freebsd]

  lefthook-freebsd-x64@2.1.4:
    resolution: {integrity: sha512-ZWV9o/LeyWNEBoVO+BhLqxH3rGTba05nkm5NvMjEFSj7LbUNUDbQmupZwtHl1OMGJO66eZP0CalzRfUH6GhBxQ==}
    cpu: [x64]
    os: [freebsd]

  lefthook-linux-arm64@2.1.4:
    resolution: {integrity: sha512-iWN0pGnTjrIvNIcSI1vQBJXUbybTqJ5CLMniPA0olabMXQfPDrdMKVQe+mgdwHK+E3/Y0H0ZNL3lnOj6Sk6szA==}
    cpu: [arm64]
    os: [linux]

  lefthook-linux-x64@2.1.4:
    resolution: {integrity: sha512-96bTBE/JdYgqWYAJDh+/e/0MaxJ25XTOAk7iy/fKoZ1ugf6S0W9bEFbnCFNooXOcxNVTan5xWKfcjJmPIKtsJA==}
    cpu: [x64]
    os: [linux]

  lefthook-openbsd-arm64@2.1.4:
    resolution: {integrity: sha512-oYUoK6AIJNEr9lUSpIMj6g7sWzotvtc3ryw7yoOyQM6uqmEduw73URV/qGoUcm4nqqmR93ZalZwR2r3Gd61zvw==}
    cpu: [arm64]
    os: [openbsd]

  lefthook-openbsd-x64@2.1.4:
    resolution: {integrity: sha512-i/Dv9Jcm68y9cggr1PhyUhOabBGP9+hzQPoiyOhKks7y9qrJl79A8XfG6LHekSuYc2VpiSu5wdnnrE1cj2nfTg==}
    cpu: [x64]
    os: [openbsd]

  lefthook-windows-arm64@2.1.4:
    resolution: {integrity: sha512-hSww7z+QX4YMnw2lK7DMrs3+w7NtxksuMKOkCKGyxUAC/0m1LAICo0ZbtdDtZ7agxRQQQ/SEbzFRhU5ysNcbjA==}
    cpu: [arm64]
    os: [win32]

  lefthook-windows-x64@2.1.4:
    resolution: {integrity: sha512-eE68LwnogxwcPgGsbVGPGxmghyMGmU9SdGwcc+uhGnUxPz1jL89oECMWJNc36zjVK24umNeDAzB5KA3lw1MuWw==}
    cpu: [x64]
    os: [win32]

  lefthook@2.1.4:
    resolution: {integrity: sha512-JNfJ5gAn0KADvJ1I6/xMcx70+/6TL6U9gqGkKvPw5RNMfatC7jIg0Evl97HN846xmfz959BV70l8r3QsBJk30w==}
    hasBin: true

  llrt-types@https://codeload.github.com/awslabs/llrt/tar.gz/d9879ae258016f5d62362bbbe42a698a84355c90#path:/types:
    resolution: {path: /types, tarball: https://codeload.github.com/awslabs/llrt/tar.gz/d9879ae258016f5d62362bbbe42a698a84355c90}
    version: 0.0.1

  lru-cache@11.2.7:
    resolution: {integrity: sha512-aY/R+aEsRelme17KGQa/1ZSIpLpNYYrhcrepKTZgE+W3WM16YMCaPwOHLHsmopZHELU0Ojin1lPVxKR0MihncA==}
    engines: {node: 20 || >=22}

  mimic-function@5.0.1:
    resolution: {integrity: sha512-VP79XUPxV2CigYP3jWwAUFSku2aKqBH7uTAapFWCBqutsbmDo96KY5o8uh6U+/YSIn5OxJnXp73beVkpqMIGhA==}
    engines: {node: '>=18'}

  minimatch@10.2.4:
    resolution: {integrity: sha512-oRjTw/97aTBN0RHbYCdtF1MQfvusSIBQM0IZEgzl6426+8jSC0nF1a/GmnVLpfB9yyr6g6FTqWqiZVbxrtaCIg==}
    engines: {node: 18 || 20 || >=22}

  minipass@7.1.3:
    resolution: {integrity: sha512-tEBHqDnIoM/1rXME1zgka9g6Q2lcoCkxHLuc7ODJ5BxbP5d4c2Z5cGgtXAku59200Cx7diuHTOYfSBD8n6mm8A==}
    engines: {node: '>=16 || 14 >=14.17'}

  onetime@8.0.0:
    resolution: {integrity: sha512-ODz2CnF+9043eG3exS38Efor4ekggmKvIydHaXWr1n9mXA5Afn8BdSsvVpa5AhBWricxhdBMfyeG3Yo3SB+VWA==}
    engines: {node: '>=22'}

  os-keycode@1.0.0:
    resolution: {integrity: sha512-a4BRXYTtu2Hxs6CO2/mNQOg7ClTcp7gcK3bVR6T5A0D8CBJsiuKKseQLwcl2WjkSoMakRll8VGtKVYw1OPl51g==}

  outdent@0.8.0:
    resolution: {integrity: sha512-KiOAIsdpUTcAXuykya5fnVVT+/5uS0Q1mrkRHcF89tpieSmY33O/tmc54CqwA+bfhbtEfZUNLHaPUiB9X3jt1A==}

  package-json-from-dist@1.0.1:
    resolution: {integrity: sha512-UEZIS3/by4OC8vL3P2dTXRETpebLI2NiI5vIrjaD/5UtrkFX/tNbwjTSRAGC/+7CAo2pIcBaRgWmcBBHcsaCIw==}

  path-scurry@2.0.2:
    resolution: {integrity: sha512-3O/iVVsJAPsOnpwWIeD+d6z/7PmqApyQePUtCndjatj/9I5LylHvt5qluFaBT3I5h3r1ejfR056c+FCv+NnNXg==}
    engines: {node: 18 || 20 || >=22}

  rimraf@6.1.3:
    resolution: {integrity: sha512-LKg+Cr2ZF61fkcaK1UdkH2yEBBKnYjTyWzTJT6KNPcSPaiT7HSdhtMXQuN5wkTX0Xu72KQ1l8S42rlmexS2hSA==}
    engines: {node: 20 || >=22}
    hasBin: true

  typescript@5.9.3:
    resolution: {integrity: sha512-jl1vZzPDinLr9eUt3J/t7V6FgNEw9QjvBPdysz9KfQDD41fQrC2Y4vKQdiaUpFT4bXlb1RHhLpp8wtm6M5TgSw==}
    engines: {node: '>=14.17'}
    hasBin: true

  undici-types@7.18.2:
    resolution: {integrity: sha512-AsuCzffGHJybSaRrmr5eHr81mwJU3kjw6M+uprWvCXiNeN9SOGwQ3Jn8jb8m3Z6izVgknn1R0FTCEAP2QrLY/w==}

  untildify@6.0.0:
    resolution: {integrity: sha512-sA2YTBvW2F463GvSbiZtso+dpuQV+B7xX9saX30SGrR5Fyx4AUcvA/zN+ShAkABKUKVyDaHECsJrHv5ToTuHsQ==}
    engines: {node: '>=20'}

snapshots:

  '@ban12/bplist-parser@0.0.1': {}

  '@types/js-yaml@4.0.9': {}

  '@types/node@25.5.0':
    dependencies:
      undici-types: 7.18.2

  add@2.0.6: {}

  argparse@2.0.1: {}

  array-uniq@3.0.0: {}

  balanced-match@4.0.4: {}

  bplist-parser-pure@0.0.1: {}

  brace-expansion@5.0.4:
    dependencies:
      balanced-match: 4.0.4

  glob@13.0.6:
    dependencies:
      minimatch: 10.2.4
      minipass: 7.1.3
      path-scurry: 2.0.2

  js-yaml@4.1.1:
    dependencies:
      argparse: 2.0.1

  just-zip-it@3.2.0: {}

  keycode@2.2.1: {}

  lefthook-darwin-arm64@2.1.4:
    optional: true

  lefthook-darwin-x64@2.1.4:
    optional: true

  lefthook-freebsd-arm64@2.1.4:
    optional: true

  lefthook-freebsd-x64@2.1.4:
    optional: true

  lefthook-linux-arm64@2.1.4:
    optional: true

  lefthook-linux-x64@2.1.4:
    optional: true

  lefthook-openbsd-arm64@2.1.4:
    optional: true

  lefthook-openbsd-x64@2.1.4:
    optional: true

  lefthook-windows-arm64@2.1.4:
    optional: true

  lefthook-windows-x64@2.1.4:
    optional: true

  lefthook@2.1.4:
    optionalDependencies:
      lefthook-darwin-arm64: 2.1.4
      lefthook-darwin-x64: 2.1.4
      lefthook-freebsd-arm64: 2.1.4
      lefthook-freebsd-x64: 2.1.4
      lefthook-linux-arm64: 2.1.4
      lefthook-linux-x64: 2.1.4
      lefthook-openbsd-arm64: 2.1.4
      lefthook-openbsd-x64: 2.1.4
      lefthook-windows-arm64: 2.1.4
      lefthook-windows-x64: 2.1.4

  llrt-types@https://codeload.github.com/awslabs/llrt/tar.gz/d9879ae258016f5d62362bbbe42a698a84355c90#path:/types: {}

  lru-cache@11.2.7: {}

  mimic-function@5.0.1: {}

  minimatch@10.2.4:
    dependencies:
      brace-expansion: 5.0.4

  minipass@7.1.3: {}

  onetime@8.0.0:
    dependencies:
      mimic-function: 5.0.1

  os-keycode@1.0.0: {}

  outdent@0.8.0: {}

  package-json-from-dist@1.0.1: {}

  path-scurry@2.0.2:
    dependencies:
      lru-cache: 11.2.7
      minipass: 7.1.3

  rimraf@6.1.3:
    dependencies:
      glob: 13.0.6
      package-json-from-dist: 1.0.1

  typescript@5.9.3: {}

  undici-types@7.18.2: {}

  untildify@6.0.0: {}
