lockfileVersion: '9.0'

settings:
  autoInstallPeers: true
  excludeLinksFromLockfile: false

importers:

  .:
    dependencies:
      '@kayahr/text-encoding':
        specifier: ^2.1.0
        version: 2.1.0
      '@stdlib/utils-noop':
        specifier: ^0.2.3
        version: 0.2.3
      '@types/json-parse-safe':
        specifier: ^2.0.3
        version: 2.0.3
      any-ascii-json:
        specifier: ^0.4.0
        version: 0.4.0
      array-uniq:
        specifier: ^3.0.0
        version: 3.0.0
      bplist-lossless:
        specifier: ^0.2.0
        version: 0.2.0(typescript@5.9.3)
      brace-expansion:
        specifier: ^5.0.4
        version: 5.0.4
      decode-utf8:
        specifier: ^1.0.1
        version: 1.0.1
      desm:
        specifier: ^1.3.1
        version: 1.3.1
      doctor-json:
        specifier: ^1.0.0
        version: 1.0.0
      encode-utf8:
        specifier: ^2.0.0
        version: 2.0.0
      fast-is-equal:
        specifier: ^1.2.6
        version: 1.2.6
      filter-obj:
        specifier: ^6.1.0
        version: 6.1.0
      get-stdin:
        specifier: ^10.0.0
        version: 10.0.0
      jquery-as-string:
        specifier: ^0.4.0
        version: 0.4.0
      js-yaml:
        specifier: ^4.1.1
        version: 4.1.1
      json-parse-safe:
        specifier: ^2.0.0
        version: 2.0.0
      just-filter-object:
        specifier: ^3.2.0
        version: 3.2.0
      just-zip-it:
        specifier: ^3.2.0
        version: 3.2.0
      jxa-run-compat:
        specifier: ^1.5.0
        version: 1.5.0
      keycode-ts2:
        specifier: ^0.1.0
        version: 0.1.0
      map-obj:
        specifier: ^6.0.0
        version: 6.0.0
      nano-spawn-compat:
        specifier: ^2.0.4
        version: 2.0.4
      nullthrows-es:
        specifier: ^1.0.1
        version: 1.0.1
      onetime:
        specifier: ^8.0.0
        version: 8.0.0
      outdent:
        specifier: ^0.8.0
        version: 0.8.0
      type-fest:
        specifier: ^5.5.0
        version: 5.5.0
      untildify:
        specifier: ^6.0.0
        version: 6.0.0
      websocket:
        specifier: ^1.0.35
        version: 1.0.35
    devDependencies:
      '@electron/asar':
        specifier: ^4.1.0
        version: 4.1.0
      '@jxa/global-type':
        specifier: ^1.4.0
        version: 1.4.0
      '@types/js-yaml':
        specifier: ^4.0.9
        version: 4.0.9
      '@types/node':
        specifier: ^25.5.0
        version: 25.5.0
      '@types/websocket':
        specifier: ^1.0.10
        version: 1.0.10
      chrome-remote-interface:
        specifier: ^0.34.0
        version: 0.34.0(bufferutil@4.1.0)(utf-8-validate@5.0.10)
      deep-object-diff:
        specifier: ^1.1.9
        version: 1.1.9
      lefthook:
        specifier: ^2.1.4
        version: 2.1.4
      llrt-types:
        specifier: github:awslabs/llrt#path:/types
        version: https://codeload.github.com/awslabs/llrt/tar.gz/36bd4a837d3fd85b5e3246906f23b1873c067503#path:/types
      rimraf:
        specifier: ^6.1.3
        version: 6.1.3
      typescript:
        specifier: ^5.9.3
        version: 5.9.3

packages:

  '@electron/asar@4.1.0':
    resolution: {integrity: sha512-DflfXtTFuTYHcyupbhnCWi+hBFdhsWl878NuA1UmW7YVFlqPlY0SHdREVnigEO3zjS2vh4hp1A4dEl3I6mgd9w==}
    engines: {node: '>=22.12.0'}
    hasBin: true

  '@humanwhocodes/momoa@3.3.10':
    resolution: {integrity: sha512-KWiFQpSAqEIyrTXko3hFNLeQvSK8zXlJQzhhxsyVn58WFRYXST99b3Nqnu+ttOtjds2Pl2grUHGpe2NzhPynuQ==}
    engines: {node: '>=18'}

  '@jxa/global-type@1.4.0':
    resolution: {integrity: sha512-3Gg632we69oelbanFFQ1XbKTfqEYzwQxg00O13XG2an6IJzP829XLKjv0EDy/UtublyZbZFCk1CmDXq9ku4oGw==}

  '@jxa/types@1.4.0':
    resolution: {integrity: sha512-3MNk9eYHAdNVUGASHrfvadVL5sE/NMet0CAugHERsofmLp4SYRGCD+sXAMjlnpRjL1g3q7nkAU9wUL2h0Z+LQA==}

  '@kayahr/text-encoding@2.1.0':
    resolution: {integrity: sha512-U/2bmZyKG0TvhIws4+tfA8AWtl0RHOaFENQG8DAe7UyEhIYuhpSgijOh4WDFHLIDO6+WyFRM9nZtKm5Pe6iquw==}

  '@stdlib/utils-noop@0.2.3':
    resolution: {integrity: sha512-kZQWwUwq+RwmKBZZD+6dnRwhjfut5fBgbEappugvVjFGp12wDKXCj6D6Y/xTmBdKFRumO8/gzkj9n6DKNDchpA==}
    engines: {node: '>=0.10.0', npm: '>2.7.0'}
    os: [aix, darwin, freebsd, linux, macos, openbsd, sunos, win32, windows]

  '@types/js-yaml@4.0.9':
    resolution: {integrity: sha512-k4MGaQl5TGo/iipqb2UDG2UwjXziSWkh0uysQelTlJpX1qGlpUZYm8PnO4DxG1qBomtJUdYJ6qR6xdIah10JLg==}

  '@types/json-parse-safe@2.0.3':
    resolution: {integrity: sha512-lVLo1xBRy1ZZtyZC4ekRxMLi6yhq19zreodli9RieXRjG2HjKez0759hze1wQqNGVFKgl3viHpUeMJBheMj8OA==}

  '@types/node@25.5.0':
    resolution: {integrity: sha512-jp2P3tQMSxWugkCUKLRPVUpGaL5MVFwF8RDuSRztfwgN1wmqJeMSbKlnEtQqU8UrhTmzEmZdu2I6v2dpp7XIxw==}

  '@types/websocket@1.0.10':
    resolution: {integrity: sha512-svjGZvPB7EzuYS94cI7a+qhwgGU1y89wUgjT6E2wVUfmAGIvRfT7obBvRtnhXCSsoMdlG4gBFGE7MfkIXZLoww==}

  '@xmldom/xmldom@0.8.11':
    resolution: {integrity: sha512-cQzWCtO6C8TQiYl1ruKNn2U6Ao4o4WBBcbL61yJl84x+j5sOWWFU9X7DpND8XZG3daDppSsigMdfAIl2upQBRw==}
    engines: {node: '>=10.0.0'}

  ansi-regex@6.2.2:
    resolution: {integrity: sha512-Bq3SmSpyFHaWjPk8If9yc6svM8c56dB5BAtW4Qbw5jHTwwXXcTLoRMkpDJp6VL0XzlWaCHTXrkFURMYmD0sLqg==}
    engines: {node: '>=12'}

  any-ascii-json@0.4.0:
    resolution: {integrity: sha512-DS5sNSP4ubXWJ4wORnxGud0vLryt18kDC5UBo1z9QdytgJL8O6bXG1Ezi6nrBwAyYi4LAqf/n5DNbXo6XwfjLg==}
    engines: {node: '>=12.20'}

  argparse@2.0.1:
    resolution: {integrity: sha512-8+9WqebbFzpX9OR+Wa6O29asIogeRMzcGtAINdpMHHyAg10f05aSFVBbcEqGf/PXw1EjAZ+q2/bEBg3DvurK3Q==}

  array-uniq@3.0.0:
    resolution: {integrity: sha512-T/3qyw9JTDHjj+aIo4uQyHCAoG1DkFqFViq0e6uPzkXwT74MEPsmQ30rxx8x9+yjBQ3KJ2bXOb2bBKC1FwEjdw==}
    engines: {node: '>=12'}

  balanced-match@4.0.4:
    resolution: {integrity: sha512-BLrgEcRTwX2o6gGxGOCNyMvGSp35YofuYzw9h1IMTRmKqttAZZVU67bdb9Pr2vUHA8+j3i2tJfjO6C6+4myGTA==}
    engines: {node: 18 || 20 || >=22}

  base64-js@1.5.1:
    resolution: {integrity: sha512-AKpaYlHn8t4SVbOHCy+b5+KKgvR4vrsD8vbvrbiQJps7fKDTkjkDry6ji0rUJjC0kzbNePLwzxq8iypo41qeWA==}

  bplist-lossless@0.2.0:
    resolution: {integrity: sha512-NhpK1PaQMAk2GPqzFM2qqulMlzvoe5xKWjKME5Rizi7mf3CiXwseMK7u0hK/f/Mf82TuhErqqRDq1I8tax5cOw==}
    peerDependencies:
      typescript: ^5

  brace-expansion@5.0.4:
    resolution: {integrity: sha512-h+DEnpVvxmfVefa4jFbCf5HdH5YMDXRsmKflpf1pILZWRFlTbJpxeU55nJl4Smt5HQaGzg1o6RHFPJaOqnmBDg==}
    engines: {node: 18 || 20 || >=22}

  bufferutil@4.1.0:
    resolution: {integrity: sha512-ZMANVnAixE6AWWnPzlW2KpUrxhm9woycYvPOo67jWHyFowASTEd9s+QN1EIMsSDtwhIxN4sWE1jotpuDUIgyIw==}
    engines: {node: '>=6.14.2'}

  chrome-remote-interface@0.34.0:
    resolution: {integrity: sha512-rTTcTZ3zemx8I+nvBii7d8BAF0Ms8LLEroypfvwwZOwSpyNGLE28nStXyCA6VwGp2YSQfmCrQH21F/E+oBFvMw==}
    hasBin: true

  commander@13.1.0:
    resolution: {integrity: sha512-/rFeCpNJQbhSZjGVwO9RFV3xPqbnERS8MmIQzCtD/zl6gpJuV/bMLuN92oG3F7d8oDEHHRrujSXNUr8fpjntKw==}
    engines: {node: '>=18'}

  commander@2.11.0:
    resolution: {integrity: sha512-b0553uYA5YAEGgyYIGYROzKQ7X5RAqedkfjiZxwi0kL1g3bOaBNNZfYkzt/CL0umgD5wc9Jec2FbB98CjkMRvQ==}

  d@1.0.2:
    resolution: {integrity: sha512-MOqHvMWF9/9MX6nza0KgvFH4HpMU0EF5uUDXqX/BtxtU8NfB0QzRtJ8Oe/6SuS4kbhyzVJwjd97EA4PKrzJ8bw==}
    engines: {node: '>=0.12'}

  debug@2.6.9:
    resolution: {integrity: sha512-bC7ElrdJaJnPbAP+1EotYvqZsb3ecl5wi6Bfi6BJTUcNowp6cvspg0jXznRTKDjm/E7AdgFBVeAPVMNcKGsHMA==}
    peerDependencies:
      supports-color: '*'
    peerDependenciesMeta:
      supports-color:
        optional: true

  decode-utf8@1.0.1:
    resolution: {integrity: sha512-iTpp497Pgdg5JdQ3HkHbG0vwSSYRDrtVXKpz/ieFhY+LjLOZ2HjVtdmNKyO4f25lr4Q6O0cYSzlo6h27LgsLDA==}

  deep-object-diff@1.1.9:
    resolution: {integrity: sha512-Rn+RuwkmkDwCi2/oXOFS9Gsr5lJZu/yTGpK7wAaAIE75CC+LCGEZHpY6VQJa/RoJcrmaA/docWJZvYohlNkWPA==}

  desm@1.3.1:
    resolution: {integrity: sha512-vgTAOosB1aHrmzjGnzFCbjvXbk8QAOC/36JxJhcBkeAuUy8QwRFxAWBHemiDpUB3cbrBruFUdzpUS21aocvaWg==}

  doctor-json@1.0.0:
    resolution: {integrity: sha512-cvfroJH3xsfDYT22UwDXYpvLYMAjS1RB4Aj5Dl4eWbNyYZH0shwGguzrtVDO0swOg86QQdYKhjJwPwLMtWOLeg==}

  encode-utf8@2.0.0:
    resolution: {integrity: sha512-3EyMFxZj1/7oMotElDQUEQcP7N4TIe1aJ0m1uBDoyQ8I2LBHhBsXx8P3KsPbqNlGzG+NYxFwEauUwMPHZg3YDQ==}
    engines: {node: ^12.20.0 || ^14.13.1 || >=16.0.0}

  es5-ext@0.10.64:
    resolution: {integrity: sha512-p2snDhiLaXe6dahss1LddxqEm+SkuDvV8dnIQG0MWjyHpcMNfXKPE+/Cc0y+PhxJX3A4xGNeFCj5oc0BUh6deg==}
    engines: {node: '>=0.10'}

  es6-iterator@2.0.3:
    resolution: {integrity: sha512-zw4SRzoUkd+cl+ZoE15A9o1oQd920Bb0iOJMQkQhl3jNc03YqVjAhG7scf9C5KWRU/R13Orf588uCC6525o02g==}

  es6-symbol@3.1.4:
    resolution: {integrity: sha512-U9bFFjX8tFiATgtkJ1zg25+KviIXpgRvRHS8sau3GfhVzThRQrOeksPeT0BWW2MNZs1OEWJ1DPXOQMn0KKRkvg==}
    engines: {node: '>=0.12'}

  esniff@2.0.1:
    resolution: {integrity: sha512-kTUIGKQ/mDPFoJ0oVfcmyJn4iBDRptjNVIzwIFR7tqWXdVI9xfA2RMwY/gbSpJG3lkdWNEjLap/NqVHZiJsdfg==}
    engines: {node: '>=0.10'}

  event-emitter@0.3.5:
    resolution: {integrity: sha512-D9rRn9y7kLPnJ+hMq7S/nhvoKwwvVJahBi2BPmx3bvbsEdK3W9ii8cBSGjP+72/LnM4n6fo3+dkCX5FeTQruXA==}

  ext@1.7.0:
    resolution: {integrity: sha512-6hxeJYaL110a9b5TEJSj0gojyHQAmA2ch5Os+ySCiA1QGdS697XWY1pzsrSjqA9LDEEgdB/KypIlR59RcLuHYw==}

  fast-is-equal@1.2.6:
    resolution: {integrity: sha512-DUrwmvQx+fsMbe+Q3BSn+T2sjzDqGPks1aV7zf3Jx6ceNCKDu/hYVA4Q35z/WS4GbD+TImzsPBcTFZYnYWST5g==}

  filter-obj@6.1.0:
    resolution: {integrity: sha512-xdMtCAODmPloU9qtmPcdBV9Kd27NtMse+4ayThxqIHUES5Z2S6bGpap5PpdmNM56ub7y3i1eyr+vJJIIgWGKmA==}
    engines: {node: '>=18'}

  get-stdin@10.0.0:
    resolution: {integrity: sha512-eWSePJ4zXFdqz+/Lyfopob4rIcoF/U2XfE8nJc7iZV6lnebWc9k7DoQQpX+2a9jc0AOvBsXvbe5YkjXl/MHbpg==}
    engines: {node: '>=20'}

  glob@13.0.6:
    resolution: {integrity: sha512-Wjlyrolmm8uDpm/ogGyXZXb1Z+Ca2B8NbJwqBVg0axK9GbBeoS7yGV6vjXnYdGm6X53iehEuxxbyiKp8QmN4Vw==}
    engines: {node: 18 || 20 || >=22}

  is-typedarray@1.0.0:
    resolution: {integrity: sha512-cyA56iCMHAh5CdzjJIa4aohJyeO1YbwLi3Jc35MmRU6poroFjIGZzUzupGiRPOjgHg9TLu43xbpwXk523fMxKA==}

  jquery-as-string@0.4.0:
    resolution: {integrity: sha512-nGd4PLqHkSTdXN5fiBJLUQZptA78xDUSYdCJOGtnvCQwM5BO2BVJUinrg9h6Gtqn7d4IWlDisnauW2vazFaEkA==}

  js-yaml@4.1.1:
    resolution: {integrity: sha512-qQKT4zQxXl8lLwBtHMWwaTcGfFOZviOJet3Oy/xmGk2gZH677CJM9EvtfdSkgWcATZhj/55JZ0rmy3myCT5lsA==}
    hasBin: true

  json-parse-safe@2.0.0:
    resolution: {integrity: sha512-aK7Ccg46n9JkRil/M5s8ytNP9wk0Tc0TsTDVMOYxB2cGsL7XFJ1vfWsurkVZy6zR55KZ+2SWHEuzQeZK4PH6lg==}
    engines: {node: '>=6'}

  just-filter-object@3.2.0:
    resolution: {integrity: sha512-OeorYJxmp2zhy/0LxjS1UjbJ7XMY8M4gVa1RRKxnIVheCYmng2E2hE0lEbDGv4aRh/HI7FgNUXtOMnmNxpoXRQ==}

  just-zip-it@3.2.0:
    resolution: {integrity: sha512-ZJxc8mLz8XkaoOegJ237Xuo3ZQB5zUN/8BTXqalBJbh/uj+ahfJbOJKadJPmXDBbxHzh+MQYH43VxV5TlQvlfw==}

  jxa-run-compat@1.5.0:
    resolution: {integrity: sha512-MQf+ZcV8pXRFCbDhuxr9vWRvzT/j9OpQkJlpUE6pKdoJrAYr14cLfoVscuum88JuBFIjijNZc2Jz0zgqER1ipA==}

  keycode-ts2@0.1.0:
    resolution: {integrity: sha512-GVpkNchsaKxraSqYNReQJaAp3RdlrKc/Nw/fhMl+DKisTehAiCCYjxlTlohjdPNkb4kvmAjSQEpIVoHgpwVyXg==}

  lefthook-darwin-arm64@2.1.4:
    resolution: {integrity: sha512-BUAAE9+rUrjr39a+wH/1zHmGrDdwUQ2Yq/z6BQbM/yUb9qtXBRcQ5eOXxApqWW177VhGBpX31aqIlfAZ5Q7wzw==}
    cpu: [arm64]
    os: [darwin]

  lefthook-darwin-x64@2.1.4:
    resolution: {integrity: sha512-K1ncIMEe84fe+ss1hQNO7rIvqiKy2TJvTFpkypvqFodT7mJXZn7GLKYTIXdIuyPAYthRa9DwFnx5uMoHwD2F1Q==}
    cpu: [x64]
    os: [darwin]

  lefthook-freebsd-arm64@2.1.4:
    resolution: {integrity: sha512-PVUhjOhVN71YaYsVdQyNbFZ4a2jFB2Tg5hKrrn9kaWpx64aLz/XivLjwr8sEuTaP1GRlEWBpW6Bhrcsyo39qFw==}
    cpu: [arm64]
    os: [freebsd]

  lefthook-freebsd-x64@2.1.4:
    resolution: {integrity: sha512-ZWV9o/LeyWNEBoVO+BhLqxH3rGTba05nkm5NvMjEFSj7LbUNUDbQmupZwtHl1OMGJO66eZP0CalzRfUH6GhBxQ==}
    cpu: [x64]
    os: [freebsd]

  lefthook-linux-arm64@2.1.4:
    resolution: {integrity: sha512-iWN0pGnTjrIvNIcSI1vQBJXUbybTqJ5CLMniPA0olabMXQfPDrdMKVQe+mgdwHK+E3/Y0H0ZNL3lnOj6Sk6szA==}
    cpu: [arm64]
    os: [linux]

  lefthook-linux-x64@2.1.4:
    resolution: {integrity: sha512-96bTBE/JdYgqWYAJDh+/e/0MaxJ25XTOAk7iy/fKoZ1ugf6S0W9bEFbnCFNooXOcxNVTan5xWKfcjJmPIKtsJA==}
    cpu: [x64]
    os: [linux]

  lefthook-openbsd-arm64@2.1.4:
    resolution: {integrity: sha512-oYUoK6AIJNEr9lUSpIMj6g7sWzotvtc3ryw7yoOyQM6uqmEduw73URV/qGoUcm4nqqmR93ZalZwR2r3Gd61zvw==}
    cpu: [arm64]
    os: [openbsd]

  lefthook-openbsd-x64@2.1.4:
    resolution: {integrity: sha512-i/Dv9Jcm68y9cggr1PhyUhOabBGP9+hzQPoiyOhKks7y9qrJl79A8XfG6LHekSuYc2VpiSu5wdnnrE1cj2nfTg==}
    cpu: [x64]
    os: [openbsd]

  lefthook-windows-arm64@2.1.4:
    resolution: {integrity: sha512-hSww7z+QX4YMnw2lK7DMrs3+w7NtxksuMKOkCKGyxUAC/0m1LAICo0ZbtdDtZ7agxRQQQ/SEbzFRhU5ysNcbjA==}
    cpu: [arm64]
    os: [win32]

  lefthook-windows-x64@2.1.4:
    resolution: {integrity: sha512-eE68LwnogxwcPgGsbVGPGxmghyMGmU9SdGwcc+uhGnUxPz1jL89oECMWJNc36zjVK24umNeDAzB5KA3lw1MuWw==}
    cpu: [x64]
    os: [win32]

  lefthook@2.1.4:
    resolution: {integrity: sha512-JNfJ5gAn0KADvJ1I6/xMcx70+/6TL6U9gqGkKvPw5RNMfatC7jIg0Evl97HN846xmfz959BV70l8r3QsBJk30w==}
    hasBin: true

  llrt-types@https://codeload.github.com/awslabs/llrt/tar.gz/36bd4a837d3fd85b5e3246906f23b1873c067503#path:/types:
    resolution: {path: /types, tarball: https://codeload.github.com/awslabs/llrt/tar.gz/36bd4a837d3fd85b5e3246906f23b1873c067503}
    version: 0.0.1

  lru-cache@11.2.7:
    resolution: {integrity: sha512-aY/R+aEsRelme17KGQa/1ZSIpLpNYYrhcrepKTZgE+W3WM16YMCaPwOHLHsmopZHELU0Ojin1lPVxKR0MihncA==}
    engines: {node: 20 || >=22}

  map-obj@6.0.0:
    resolution: {integrity: sha512-PwDvwt/tK70+luLw5k9ySLtzLAzwf7tZTY9GBj63Y010nHRPjwHcQTpTd5JwQqITC2ty7prtxBo71iwyYY0TAg==}
    engines: {node: '>=20'}

  mimic-function@5.0.1:
    resolution: {integrity: sha512-VP79XUPxV2CigYP3jWwAUFSku2aKqBH7uTAapFWCBqutsbmDo96KY5o8uh6U+/YSIn5OxJnXp73beVkpqMIGhA==}
    engines: {node: '>=18'}

  minimatch@10.2.4:
    resolution: {integrity: sha512-oRjTw/97aTBN0RHbYCdtF1MQfvusSIBQM0IZEgzl6426+8jSC0nF1a/GmnVLpfB9yyr6g6FTqWqiZVbxrtaCIg==}
    engines: {node: 18 || 20 || >=22}

  minipass@7.1.3:
    resolution: {integrity: sha512-tEBHqDnIoM/1rXME1zgka9g6Q2lcoCkxHLuc7ODJ5BxbP5d4c2Z5cGgtXAku59200Cx7diuHTOYfSBD8n6mm8A==}
    engines: {node: '>=16 || 14 >=14.17'}

  ms@2.0.0:
    resolution: {integrity: sha512-Tpp60P6IUJDTuOq/5Z8cdskzJujfwqfOTkrwIwj7IRISpnkJnT6SyJ4PCPnGMoFjC9ddhal5KVIYtAt97ix05A==}

  nano-spawn-compat@2.0.4:
    resolution: {integrity: sha512-CimcgXSpyE9bgDx8pVYCFW0ShhQ282ghjszbxvnrN1sjq6BiWXVnCdYEcd+TSmf09CvOYFhuMImMo9Og76ffbQ==}
    engines: {node: '>=20.17'}

  next-tick@1.1.0:
    resolution: {integrity: sha512-CXdUiJembsNjuToQvxayPZF9Vqht7hewsvy2sOWafLvi2awflj9mOC6bHIg50orX8IJvWKY9wYQ/zB2kogPslQ==}

  node-gyp-build@4.8.4:
    resolution: {integrity: sha512-LA4ZjwlnUblHVgq0oBF3Jl/6h/Nvs5fzBLwdEF4nuxnFdsfajde4WfxtJr3CaiH+F6ewcIB/q4jQ4UzPyid+CQ==}
    hasBin: true

  nullthrows-es@1.0.1:
    resolution: {integrity: sha512-x2XtZ5seoayCy0cl4Y91rhRSRwWIlMRiCLTAnWwaDWN+MaHkyObPOzv1s6qg2UR40YAqFicpmwa7k0R8CFehiw==}
    engines: {node: '>=16'}

  onetime@8.0.0:
    resolution: {integrity: sha512-ODz2CnF+9043eG3exS38Efor4ekggmKvIydHaXWr1n9mXA5Afn8BdSsvVpa5AhBWricxhdBMfyeG3Yo3SB+VWA==}
    engines: {node: '>=22'}

  outdent@0.8.0:
    resolution: {integrity: sha512-KiOAIsdpUTcAXuykya5fnVVT+/5uS0Q1mrkRHcF89tpieSmY33O/tmc54CqwA+bfhbtEfZUNLHaPUiB9X3jt1A==}

  package-json-from-dist@1.0.1:
    resolution: {integrity: sha512-UEZIS3/by4OC8vL3P2dTXRETpebLI2NiI5vIrjaD/5UtrkFX/tNbwjTSRAGC/+7CAo2pIcBaRgWmcBBHcsaCIw==}

  path-scurry@2.0.2:
    resolution: {integrity: sha512-3O/iVVsJAPsOnpwWIeD+d6z/7PmqApyQePUtCndjatj/9I5LylHvt5qluFaBT3I5h3r1ejfR056c+FCv+NnNXg==}
    engines: {node: 18 || 20 || >=22}

  plist@3.1.0:
    resolution: {integrity: sha512-uysumyrvkUX0rX/dEVqt8gC3sTBzd4zoWfLeS29nb53imdaXVvLINYXTI2GNqzaMuvacNx4uJQ8+b3zXR0pkgQ==}
    engines: {node: '>=10.4.0'}

  rimraf@6.1.3:
    resolution: {integrity: sha512-LKg+Cr2ZF61fkcaK1UdkH2yEBBKnYjTyWzTJT6KNPcSPaiT7HSdhtMXQuN5wkTX0Xu72KQ1l8S42rlmexS2hSA==}
    engines: {node: 20 || >=22}
    hasBin: true

  strip-ansi@7.2.0:
    resolution: {integrity: sha512-yDPMNjp4WyfYBkHnjIRLfca1i6KMyGCtsVgoKe/z1+6vukgaENdgGBZt+ZmKPc4gavvEZ5OgHfHdrazhgNyG7w==}
    engines: {node: '>=12'}

  tagged-tag@1.0.0:
    resolution: {integrity: sha512-yEFYrVhod+hdNyx7g5Bnkkb0G6si8HJurOoOEgC8B/O0uXLHlaey/65KRv6cuWBNhBgHKAROVpc7QyYqE5gFng==}
    engines: {node: '>=20'}

  type-fest@5.5.0:
    resolution: {integrity: sha512-PlBfpQwiUvGViBNX84Yxwjsdhd1TUlXr6zjX7eoirtCPIr08NAmxwa+fcYBTeRQxHo9YC9wwF3m9i700sHma8g==}
    engines: {node: '>=20'}

  type@2.7.3:
    resolution: {integrity: sha512-8j+1QmAbPvLZow5Qpi6NCaN8FB60p/6x8/vfNqOk/hC+HuvFZhL4+WfekuhQLiqFZXOgQdrs3B+XxEmCc6b3FQ==}

  typedarray-to-buffer@3.1.5:
    resolution: {integrity: sha512-zdu8XMNEDepKKR+XYOXAVPtWui0ly0NtohUscw+UmaHiAWT8hrV1rr//H6V+0DvJ3OQ19S979M0laLfX8rm82Q==}

  typescript@5.9.3:
    resolution: {integrity: sha512-jl1vZzPDinLr9eUt3J/t7V6FgNEw9QjvBPdysz9KfQDD41fQrC2Y4vKQdiaUpFT4bXlb1RHhLpp8wtm6M5TgSw==}
    engines: {node: '>=14.17'}
    hasBin: true

  undici-types@7.18.2:
    resolution: {integrity: sha512-AsuCzffGHJybSaRrmr5eHr81mwJU3kjw6M+uprWvCXiNeN9SOGwQ3Jn8jb8m3Z6izVgknn1R0FTCEAP2QrLY/w==}

  untildify@6.0.0:
    resolution: {integrity: sha512-sA2YTBvW2F463GvSbiZtso+dpuQV+B7xX9saX30SGrR5Fyx4AUcvA/zN+ShAkABKUKVyDaHECsJrHv5ToTuHsQ==}
    engines: {node: '>=20'}

  utf-8-validate@5.0.10:
    resolution: {integrity: sha512-Z6czzLq4u8fPOyx7TU6X3dvUZVvoJmxSQ+IcrlmagKhilxlhZgxPK6C5Jqbkw1IDUmFTM+cz9QDnnLTwDz/2gQ==}
    engines: {node: '>=6.14.2'}

  websocket@1.0.35:
    resolution: {integrity: sha512-/REy6amwPZl44DDzvRCkaI1q1bIiQB0mEFQLUrhz3z2EK91cp3n72rAjUlrTP0zV22HJIUOVHQGPxhFRjxjt+Q==}
    engines: {node: '>=4.0.0'}

  ws@7.5.10:
    resolution: {integrity: sha512-+dbF1tHwZpXcbOJdVOkzLDxZP1ailvSxM6ZweXTegylPny803bFhA+vqBYw4s31NSAk4S2Qz+AKXK9a4wkdjcQ==}
    engines: {node: '>=8.3.0'}
    peerDependencies:
      bufferutil: ^4.0.1
      utf-8-validate: ^5.0.2
    peerDependenciesMeta:
      bufferutil:
        optional: true
      utf-8-validate:
        optional: true

  xmlbuilder@15.1.1:
    resolution: {integrity: sha512-yMqGBqtXyeN1e3TGYvgNgDVZ3j84W4cwkOXQswghol6APgZWaff9lnbvN7MHYJOiXsvGPXtjTYJEiC9J2wv9Eg==}
    engines: {node: '>=8.0'}

  yaeti@0.0.6:
    resolution: {integrity: sha512-MvQa//+KcZCUkBTIC9blM+CU9J2GzuTytsOUwf2lidtvkx/6gnEp1QvJv34t9vdjhFmha/mUiNDbN0D0mJWdug==}
    engines: {node: '>=0.10.32'}
    deprecated: Package no longer supported. Contact Support at https://www.npmjs.com/support for more info.

snapshots:

  '@electron/asar@4.1.0':
    dependencies:
      commander: 13.1.0
      glob: 13.0.6
      minimatch: 10.2.4
      plist: 3.1.0

  '@humanwhocodes/momoa@3.3.10': {}

  '@jxa/global-type@1.4.0':
    dependencies:
      '@jxa/types': 1.4.0

  '@jxa/types@1.4.0': {}

  '@kayahr/text-encoding@2.1.0': {}

  '@stdlib/utils-noop@0.2.3': {}

  '@types/js-yaml@4.0.9': {}

  '@types/json-parse-safe@2.0.3': {}

  '@types/node@25.5.0':
    dependencies:
      undici-types: 7.18.2

  '@types/websocket@1.0.10':
    dependencies:
      '@types/node': 25.5.0

  '@xmldom/xmldom@0.8.11': {}

  ansi-regex@6.2.2: {}

  any-ascii-json@0.4.0: {}

  argparse@2.0.1: {}

  array-uniq@3.0.0: {}

  balanced-match@4.0.4: {}

  base64-js@1.5.1: {}

  bplist-lossless@0.2.0(typescript@5.9.3):
    dependencies:
      typescript: 5.9.3

  brace-expansion@5.0.4:
    dependencies:
      balanced-match: 4.0.4

  bufferutil@4.1.0:
    dependencies:
      node-gyp-build: 4.8.4

  chrome-remote-interface@0.34.0(bufferutil@4.1.0)(utf-8-validate@5.0.10):
    dependencies:
      commander: 2.11.0
      ws: 7.5.10(bufferutil@4.1.0)(utf-8-validate@5.0.10)
    transitivePeerDependencies:
      - bufferutil
      - utf-8-validate

  commander@13.1.0: {}

  commander@2.11.0: {}

  d@1.0.2:
    dependencies:
      es5-ext: 0.10.64
      type: 2.7.3

  debug@2.6.9:
    dependencies:
      ms: 2.0.0

  decode-utf8@1.0.1: {}

  deep-object-diff@1.1.9: {}

  desm@1.3.1: {}

  doctor-json@1.0.0:
    dependencies:
      '@humanwhocodes/momoa': 3.3.10

  encode-utf8@2.0.0: {}

  es5-ext@0.10.64:
    dependencies:
      es6-iterator: 2.0.3
      es6-symbol: 3.1.4
      esniff: 2.0.1
      next-tick: 1.1.0

  es6-iterator@2.0.3:
    dependencies:
      d: 1.0.2
      es5-ext: 0.10.64
      es6-symbol: 3.1.4

  es6-symbol@3.1.4:
    dependencies:
      d: 1.0.2
      ext: 1.7.0

  esniff@2.0.1:
    dependencies:
      d: 1.0.2
      es5-ext: 0.10.64
      event-emitter: 0.3.5
      type: 2.7.3

  event-emitter@0.3.5:
    dependencies:
      d: 1.0.2
      es5-ext: 0.10.64

  ext@1.7.0:
    dependencies:
      type: 2.7.3

  fast-is-equal@1.2.6: {}

  filter-obj@6.1.0: {}

  get-stdin@10.0.0: {}

  glob@13.0.6:
    dependencies:
      minimatch: 10.2.4
      minipass: 7.1.3
      path-scurry: 2.0.2

  is-typedarray@1.0.0: {}

  jquery-as-string@0.4.0: {}

  js-yaml@4.1.1:
    dependencies:
      argparse: 2.0.1

  json-parse-safe@2.0.0: {}

  just-filter-object@3.2.0: {}

  just-zip-it@3.2.0: {}

  jxa-run-compat@1.5.0: {}

  keycode-ts2@0.1.0: {}

  lefthook-darwin-arm64@2.1.4:
    optional: true

  lefthook-darwin-x64@2.1.4:
    optional: true

  lefthook-freebsd-arm64@2.1.4:
    optional: true

  lefthook-freebsd-x64@2.1.4:
    optional: true

  lefthook-linux-arm64@2.1.4:
    optional: true

  lefthook-linux-x64@2.1.4:
    optional: true

  lefthook-openbsd-arm64@2.1.4:
    optional: true

  lefthook-openbsd-x64@2.1.4:
    optional: true

  lefthook-windows-arm64@2.1.4:
    optional: true

  lefthook-windows-x64@2.1.4:
    optional: true

  lefthook@2.1.4:
    optionalDependencies:
      lefthook-darwin-arm64: 2.1.4
      lefthook-darwin-x64: 2.1.4
      lefthook-freebsd-arm64: 2.1.4
      lefthook-freebsd-x64: 2.1.4
      lefthook-linux-arm64: 2.1.4
      lefthook-linux-x64: 2.1.4
      lefthook-openbsd-arm64: 2.1.4
      lefthook-openbsd-x64: 2.1.4
      lefthook-windows-arm64: 2.1.4
      lefthook-windows-x64: 2.1.4

  llrt-types@https://codeload.github.com/awslabs/llrt/tar.gz/36bd4a837d3fd85b5e3246906f23b1873c067503#path:/types: {}

  lru-cache@11.2.7: {}

  map-obj@6.0.0: {}

  mimic-function@5.0.1: {}

  minimatch@10.2.4:
    dependencies:
      brace-expansion: 5.0.4

  minipass@7.1.3: {}

  ms@2.0.0: {}

  nano-spawn-compat@2.0.4:
    dependencies:
      strip-ansi: 7.2.0

  next-tick@1.1.0: {}

  node-gyp-build@4.8.4: {}

  nullthrows-es@1.0.1: {}

  onetime@8.0.0:
    dependencies:
      mimic-function: 5.0.1

  outdent@0.8.0: {}

  package-json-from-dist@1.0.1: {}

  path-scurry@2.0.2:
    dependencies:
      lru-cache: 11.2.7
      minipass: 7.1.3

  plist@3.1.0:
    dependencies:
      '@xmldom/xmldom': 0.8.11
      base64-js: 1.5.1
      xmlbuilder: 15.1.1

  rimraf@6.1.3:
    dependencies:
      glob: 13.0.6
      package-json-from-dist: 1.0.1

  strip-ansi@7.2.0:
    dependencies:
      ansi-regex: 6.2.2

  tagged-tag@1.0.0: {}

  type-fest@5.5.0:
    dependencies:
      tagged-tag: 1.0.0

  type@2.7.3: {}

  typedarray-to-buffer@3.1.5:
    dependencies:
      is-typedarray: 1.0.0

  typescript@5.9.3: {}

  undici-types@7.18.2: {}

  untildify@6.0.0: {}

  utf-8-validate@5.0.10:
    dependencies:
      node-gyp-build: 4.8.4

  websocket@1.0.35:
    dependencies:
      bufferutil: 4.1.0
      debug: 2.6.9
      es5-ext: 0.10.64
      typedarray-to-buffer: 3.1.5
      utf-8-validate: 5.0.10
      yaeti: 0.0.6
    transitivePeerDependencies:
      - supports-color

  ws@7.5.10(bufferutil@4.1.0)(utf-8-validate@5.0.10):
    optionalDependencies:
      bufferutil: 4.1.0
      utf-8-validate: 5.0.10

  xmlbuilder@15.1.1: {}

  yaeti@0.0.6: {}
