{
  "version": "1.0.0",
  "dependencies": {
    "rocks": {
      "aabb12081b317b88ca5931e12dc3628e0850469831c75fba5a40e12ae33f3729": {
        "name": "bplist-parser-lua",
        "version": "0.1.1-1",
        "pinned": false,
        "opt": false,
        "dependencies": [],
        "constraint": "==0.1.1",
        "binaries": [],
        "source": "luarocks_rock+https://luarocks.org/",
        "source_url": {
          "type": "url",
          "url": "https://luarocks.org/"
        },
        "hashes": {
          "rockspec": "sha256-CwPgrCMeNWI4K5a836z1U/2ekKo7sLT4jCURXTnNLzg=",
          "source": "sha256-weHnGYpA8W8St86RoCbFpSqUoP0Qbds1sxzYP3/uuu0="
        }
      },
      "d911ccd5062c7c34f8959a54d47d0b9246439f6b2adbb7eda2d27bb57f21a498": {
        "name": "json4lua",
        "version": "0.9.30-1",
        "pinned": false,
        "opt": false,
        "dependencies": [],
        "constraint": "==0.9.30",
        "binaries": [],
        "source": "luarocks_rockspec+https://luarocks.org/",
        "source_url": {
          "type": "url",
          "url": "https://luarocks.org/json4lua-0.9.30-1.src.rock"
        },
        "hashes": {
          "rockspec": "sha256-8iwZg6RM2YUQ8pO2gX5hClT59gLeZhA97H2jfV6EMKk=",
          "source": "sha256-rxly/fj/767xsyitRshbTSVhG+EUQeYUFwbhLaVEyFY="
        }
      }
    },
    "entrypoints": [
      "aabb12081b317b88ca5931e12dc3628e0850469831c75fba5a40e12ae33f3729",
      "d911ccd5062c7c34f8959a54d47d0b9246439f6b2adbb7eda2d27bb57f21a498"
    ]
  }
}