{
  "version": "1.0.0",
  "rocks": {
    "a943eee5bce2b518092862291a9add115e24533a560cde5bc801d73068ac6eae": {
      "name": "lunajson",
      "version": "1.2.3-1",
      "pinned": false,
      "opt": false,
      "dependencies": [],
      "constraint": "==1.2.3",
      "binaries": [],
      "source": "luarocks_rockspec+https://luarocks.org/",
      "source_url": {
        "type": "git",
        "url": "https://github.com/grafi-tt/lunajson.git",
        "ref": "1.2.3"
      },
      "hashes": {
        "rockspec": "sha256-dzm6LDQ3nNuE80NBY17Pk30euqa565jrqlBODVLzEv8=",
        "source": "sha256-LZipetkhtScHhI78OFLVkEjpQyvdkbMM0Y2TGFQ7dvg="
      }
    },
    "aabb12081b317b88ca5931e12dc3628e0850469831c75fba5a40e12ae33f3729": {
      "name": "bplist-parser-lua",
      "version": "0.1.1-1",
      "pinned": false,
      "opt": false,
      "dependencies": [],
      "constraint": "==0.1.1",
      "binaries": [],
      "source": "luarocks_rock+https://luarocks.org/",
      "source_url": {
        "type": "url",
        "url": "https://luarocks.org/"
      },
      "hashes": {
        "rockspec": "sha256-CwPgrCMeNWI4K5a836z1U/2ekKo7sLT4jCURXTnNLzg=",
        "source": "sha256-weHnGYpA8W8St86RoCbFpSqUoP0Qbds1sxzYP3/uuu0="
      }
    }
  },
  "entrypoints": [
    "a943eee5bce2b518092862291a9add115e24533a560cde5bc801d73068ac6eae",
    "aabb12081b317b88ca5931e12dc3628e0850469831c75fba5a40e12ae33f3729"
  ]
}